
Microsoft Visual Studio Solution File, Format Version 12.00
# Visual Studio 14
VisualStudioVersion = 14.0.25420.1
MinimumVisualStudioVersion = 10.0.40219.1
Project("{8BC9CEB8-8B4A-11D0-8D11-00A0C91BC942}") = "二维数组的查找", "algorithmic_practice\algorithmic_practice.vcxproj", "{B06A352F-B76C-475C-AE39-97EEDA85F6B7}"
EndProject
Project("{8BC9CEB8-8B4A-11D0-8D11-00A0C91BC942}") = "替换空格", "替换空格\替换空格.vcxproj", "{728C952C-A9BB-4CD6-AC3A-DCDC15A95654}"
EndProject
Project("{8BC9CEB8-8B4A-11D0-8D11-00A0C91BC942}") = "从尾到头打印链表", "从尾到头打印链表\从尾到头打印链表.vcxproj", "{A3B14A5A-643F-44B6-ABD2-EFDC629D504B}"
EndProject
Project("{8BC9CEB8-8B4A-11D0-8D11-00A0C91BC942}") = "重建二叉树", "重建二叉树\重建二叉树.vcxproj", "{B30F6D67-1786-448C-B1BE-E647DA8C48BC}"
EndProject
Project("{8BC9CEB8-8B4A-11D0-8D11-00A0C91BC942}") = "用两个栈实现队列", "用两个栈实现队列\用两个栈实现队列.vcxproj", "{B3D8DC8A-CDA4-4E7C-86E4-6AA6A187CAAE}"
EndProject
Project("{8BC9CEB8-8B4A-11D0-8D11-00A0C91BC942}") = "旋转数组的最小数字", "旋转数组的最小数字\旋转数组的最小数字.vcxproj", "{1B53A6DE-06C9-485F-A394-615599A11745}"
EndProject
Project("{8BC9CEB8-8B4A-11D0-8D11-00A0C91BC942}") = "斐波那契数列", "斐波那契数列\斐波那契数列.vcxproj", "{B781ABDB-2F35-4432-A82B-F7187C77A9D7}"
EndProject
Project("{8BC9CEB8-8B4A-11D0-8D11-00A0C91BC942}") = "跳台阶", "跳台阶\跳台阶.vcxproj", "{ACEAFDCB-46C2-4DFE-8587-5C9636D595ED}"
EndProject
Project("{8BC9CEB8-8B4A-11D0-8D11-00A0C91BC942}") = "变态跳台阶", "变态跳台阶\变态跳台阶.vcxproj", "{C433354A-EF11-46AB-A4B1-DF0A72A9F005}"
EndProject
Project("{8BC9CEB8-8B4A-11D0-8D11-00A0C91BC942}") = "矩形覆盖", "矩形覆盖\矩形覆盖.vcxproj", "{7CCC196A-E6CC-44A9-AAB2-6579FBEEB8A1}"
EndProject
Project("{8BC9CEB8-8B4A-11D0-8D11-00A0C91BC942}") = "二进制中1的个数", "二进制中1的个数\二进制中1的个数.vcxproj", "{D042C371-38D8-441D-9448-DC597C7A88D0}"
EndProject
Project("{8BC9CEB8-8B4A-11D0-8D11-00A0C91BC942}") = "数值的整数次方", "数值的整数次方\数值的整数次方.vcxproj", "{EC41A032-6DBF-41DC-914D-EEB98628A1B6}"
EndProject
Project("{8BC9CEB8-8B4A-11D0-8D11-00A0C91BC942}") = "调整数组顺序使奇数位于偶数前面", "调整数组顺序使奇数位于偶数前面\调整数组顺序使奇数位于偶数前面.vcxproj", "{74A6734B-1C5B-4393-8D46-8F24067E1FB0}"
EndProject
Project("{8BC9CEB8-8B4A-11D0-8D11-00A0C91BC942}") = "链表中倒数第k个结点", "链表中倒数第k个结点\链表中倒数第k个结点.vcxproj", "{A7AC1429-2220-4E2F-9CC5-7C3DBA608069}"
EndProject
Project("{8BC9CEB8-8B4A-11D0-8D11-00A0C91BC942}") = "反转链表", "反转链表\反转链表.vcxproj", "{570129F2-A1F6-4E7C-899E-FDF3EB564C2F}"
EndProject
Project("{8BC9CEB8-8B4A-11D0-8D11-00A0C91BC942}") = "添加合并两个排序的链表", "添加合并两个排序的链表\添加合并两个排序的链表.vcxproj", "{3D9CE795-FD82-4FB6-8F5D-D4096F91CAA7}"
EndProject
Project("{8BC9CEB8-8B4A-11D0-8D11-00A0C91BC942}") = "树的子结构", "树的子结构\树的子结构.vcxproj", "{E34A13F1-5DD3-4FA6-9C75-7246C6E81F7A}"
EndProject
Project("{8BC9CEB8-8B4A-11D0-8D11-00A0C91BC942}") = "二叉树的镜像", "二叉树的镜像\二叉树的镜像.vcxproj", "{D8F5987F-EED3-4F89-AA80-6C6FBBBD409C}"
EndProject
Project("{8BC9CEB8-8B4A-11D0-8D11-00A0C91BC942}") = "顺时针打印矩阵", "顺时针打印矩阵\顺时针打印矩阵.vcxproj", "{54CBD32B-1F87-4C94-93AB-5A58E0818765}"
EndProject
Project("{8BC9CEB8-8B4A-11D0-8D11-00A0C91BC942}") = "包含min函数的栈", "包含min函数的栈\包含min函数的栈.vcxproj", "{FFE60DB6-C1F1-47A5-BAF5-3DF12105D2A7}"
EndProject
Project("{8BC9CEB8-8B4A-11D0-8D11-00A0C91BC942}") = "栈的压入、弹出序列", "栈的压入、弹出序列\栈的压入、弹出序列.vcxproj", "{F854B653-177F-42E2-AAE3-08B2411CDC24}"
EndProject
Project("{8BC9CEB8-8B4A-11D0-8D11-00A0C91BC942}") = "从上往下打印二叉树", "从上往下打印二叉树\从上往下打印二叉树.vcxproj", "{A848F244-4338-4DD1-9DBE-8818AB181BE1}"
EndProject
Project("{8BC9CEB8-8B4A-11D0-8D11-00A0C91BC942}") = "二叉搜索树的后续遍历序列", "二叉搜索树的后续遍历序列\二叉搜索树的后续遍历序列.vcxproj", "{5DD6F8C6-2438-4A3D-85E2-05047DB77FF0}"
EndProject
Project("{8BC9CEB8-8B4A-11D0-8D11-00A0C91BC942}") = "二叉树中和为某一值的路径", "二叉树中和为某一值的路径\二叉树中和为某一值的路径.vcxproj", "{492E1F37-C1A1-4B07-BE3F-6B42EE6BD2C3}"
EndProject
Project("{8BC9CEB8-8B4A-11D0-8D11-00A0C91BC942}") = "复杂链表的复制", "复杂链表的复制\复杂链表的复制.vcxproj", "{A0555708-9F44-4578-B334-475CC3B015F0}"
EndProject
Project("{8BC9CEB8-8B4A-11D0-8D11-00A0C91BC942}") = "二叉搜索树与双向链表", "二叉搜索树与双向链表\二叉搜索树与双向链表.vcxproj", "{436A2A76-18E3-406D-B7BE-2AC55856DB1E}"
EndProject
Project("{8BC9CEB8-8B4A-11D0-8D11-00A0C91BC942}") = "字符串的排列", "字符串的排列\字符串的排列.vcxproj", "{33F35AD0-9F4E-4AD0-88DB-F8DF890EE732}"
EndProject
Project("{8BC9CEB8-8B4A-11D0-8D11-00A0C91BC942}") = "数组中出现次数超过一半的数字", "数组中出现次数超过一半的数字\数组中出现次数超过一半的数字.vcxproj", "{2F63C1AB-15F3-4261-9ADF-6B8D05683CF2}"
EndProject
Project("{8BC9CEB8-8B4A-11D0-8D11-00A0C91BC942}") = "最小的K个数", "最小的K个数\最小的K个数.vcxproj", "{5F7FC166-349B-4C3D-9E2C-710DE6BA3837}"
EndProject
Project("{8BC9CEB8-8B4A-11D0-8D11-00A0C91BC942}") = "连续子数组的最大和", "连续子数组的最大和\连续子数组的最大和.vcxproj", "{FA5579D1-B251-4326-85E4-4D854BF59E4E}"
EndProject
Project("{8BC9CEB8-8B4A-11D0-8D11-00A0C91BC942}") = "整数中1出现的次数", "整数中1出现的次数\整数中1出现的次数.vcxproj", "{85E902B6-9328-4EA6-84EA-52B73F1F8369}"
EndProject
Project("{8BC9CEB8-8B4A-11D0-8D11-00A0C91BC942}") = "把数组排成最小的数", "把数组排成最小的数\把数组排成最小的数.vcxproj", "{BBD02006-3CCC-4EB8-B5B7-3C4A66674891}"
EndProject
Project("{8BC9CEB8-8B4A-11D0-8D11-00A0C91BC942}") = "丑数", "丑数\丑数.vcxproj", "{27CE2C5C-0FD7-4F68-B439-C1FC75583A72}"
EndProject
Project("{8BC9CEB8-8B4A-11D0-8D11-00A0C91BC942}") = "第一个只出现一次的字符串", "第一个只出现一次的字符串\第一个只出现一次的字符串.vcxproj", "{A081E24C-7D1D-404A-8928-777FD186E19A}"
EndProject
Project("{8BC9CEB8-8B4A-11D0-8D11-00A0C91BC942}") = "数组中的逆序对", "数组中的逆序对\数组中的逆序对.vcxproj", "{B51816F3-B28C-4675-84DA-E30176992817}"
EndProject
Project("{8BC9CEB8-8B4A-11D0-8D11-00A0C91BC942}") = "两个链表的第一个公共节点", "两个链表的第一个公共节点\两个链表的第一个公共节点.vcxproj", "{FD975F24-38A6-4DC5-BA90-9B8E5351C55A}"
EndProject
Project("{8BC9CEB8-8B4A-11D0-8D11-00A0C91BC942}") = "数字在排序数组中出现的次数", "数组在排序数组中出现的次数\数组在排序数组中出现的次数.vcxproj", "{A1DE7309-1FF9-4AF8-87F7-7512F736FA9D}"
EndProject
Project("{8BC9CEB8-8B4A-11D0-8D11-00A0C91BC942}") = "二叉树的深度", "二叉树的深度\二叉树的深度.vcxproj", "{56B4E30B-D5E1-4D16-95CA-247504F8675D}"
EndProject
Project("{8BC9CEB8-8B4A-11D0-8D11-00A0C91BC942}") = "平衡二叉树", "平衡二叉树\平衡二叉树.vcxproj", "{63382B58-FACC-40D0-978A-5A5614D9CB8A}"
EndProject
Project("{8BC9CEB8-8B4A-11D0-8D11-00A0C91BC942}") = "数组中只出现一次的数字", "数组中只出现一次的数字\数组中只出现一次的数字.vcxproj", "{8F6324C1-D0B3-430E-B8A5-99786DCE1702}"
EndProject
Project("{8BC9CEB8-8B4A-11D0-8D11-00A0C91BC942}") = "和为S的连续正数序列", "和为S的连续正数序列\和为S的连续正数序列.vcxproj", "{189642D9-B62C-4E59-966C-DC1C44F27652}"
EndProject
Project("{8BC9CEB8-8B4A-11D0-8D11-00A0C91BC942}") = "和为S的两个数字", "和为S的两个数字\和为S的两个数字.vcxproj", "{524A68C5-9ED9-4C62-B379-5ADF1F42435E}"
EndProject
Project("{8BC9CEB8-8B4A-11D0-8D11-00A0C91BC942}") = "左旋转字符串", "左旋转字符串\左旋转字符串.vcxproj", "{9CA2EBBE-A809-4A48-BF26-D46A2406922B}"
EndProject
Project("{8BC9CEB8-8B4A-11D0-8D11-00A0C91BC942}") = "翻转单词顺序列", "翻转单词顺序列\翻转单词顺序列.vcxproj", "{5F4B7F95-57EA-420F-813A-7821192BC51E}"
EndProject
Project("{8BC9CEB8-8B4A-11D0-8D11-00A0C91BC942}") = "扑克牌顺子", "扑克牌顺子\扑克牌顺子.vcxproj", "{3EA2DD4A-6747-4175-ABFB-8EFB859DEF2C}"
EndProject
Project("{8BC9CEB8-8B4A-11D0-8D11-00A0C91BC942}") = "孩子们的游戏", "孩子们的游戏\孩子们的游戏.vcxproj", "{3FC30440-40ED-4DE8-9DD3-DBDEE657AA36}"
EndProject
Project("{8BC9CEB8-8B4A-11D0-8D11-00A0C91BC942}") = "1-N和", "1-N和\1-N和.vcxproj", "{3D3F0D0A-68BA-42E8-884A-9F53B9BD2416}"
EndProject
Project("{8BC9CEB8-8B4A-11D0-8D11-00A0C91BC942}") = "不用加减乘除做加法", "不用加减乘除做加法\不用加减乘除做加法.vcxproj", "{CFBDCBFF-0FA1-4ABC-A3BA-61A5BFA0284F}"
EndProject
Project("{8BC9CEB8-8B4A-11D0-8D11-00A0C91BC942}") = "把字符串转换成整数", "把字符串转换成整数\把字符串转换成整数.vcxproj", "{8E16F045-5F65-4CFE-B635-23DAE77E19F4}"
EndProject
Project("{8BC9CEB8-8B4A-11D0-8D11-00A0C91BC942}") = "数组中重复的数字", "数组中重复的数字\数组中重复的数字.vcxproj", "{30D8B01E-3DDC-4379-A5A9-09063A018D4C}"
EndProject
Project("{8BC9CEB8-8B4A-11D0-8D11-00A0C91BC942}") = "构建乘积数组", "构建乘积数组\构建乘积数组.vcxproj", "{93E56EA1-BB89-4576-AD15-BF2F70B5BA39}"
EndProject
Project("{8BC9CEB8-8B4A-11D0-8D11-00A0C91BC942}") = "正则表达式匹配", "正则表达式匹配\正则表达式匹配.vcxproj", "{F7A85BD3-D304-49D3-8F44-7FF85878889D}"
EndProject
Project("{8BC9CEB8-8B4A-11D0-8D11-00A0C91BC942}") = "表示数值的字符串", "表示数值的字符串\表示数值的字符串.vcxproj", "{BBB3B6EC-C0A3-407F-9697-6ED94321AE25}"
EndProject
Project("{8BC9CEB8-8B4A-11D0-8D11-00A0C91BC942}") = "字符流中第一个不重复的字符", "字符流中第一个不重复的字符\字符流中第一个不重复的字符.vcxproj", "{9D3014F0-7533-4765-AFD1-EDE768178C6F}"
EndProject
Project("{8BC9CEB8-8B4A-11D0-8D11-00A0C91BC942}") = "链表中环的入口结点", "链表中环的入口结点\链表中环的入口结点.vcxproj", "{DAB47EB1-FBB8-4C4F-8847-F3089FFF9985}"
EndProject
Project("{8BC9CEB8-8B4A-11D0-8D11-00A0C91BC942}") = "删除链表中重复的结点", "删除链表中重复的结点\删除链表中重复的结点.vcxproj", "{01DEB8E2-77A2-4525-9DF9-3FCD7421C0A4}"
EndProject
Project("{8BC9CEB8-8B4A-11D0-8D11-00A0C91BC942}") = "二叉树的下一个结点", "二叉树的下一个结点\二叉树的下一个结点.vcxproj", "{127F5FFA-D0E4-4F56-B21F-7879AC7FE6B9}"
EndProject
Project("{8BC9CEB8-8B4A-11D0-8D11-00A0C91BC942}") = "对称的二叉树", "对称的二叉树\对称的二叉树.vcxproj", "{7FF68FC5-93CA-42C4-9FEB-5083021FBEA4}"
EndProject
Project("{8BC9CEB8-8B4A-11D0-8D11-00A0C91BC942}") = "按之字形顺序打印二叉树", "按之字形顺序打印二叉树\按之字形顺序打印二叉树.vcxproj", "{CF82E5EF-5BCD-4B3D-B29D-382123E051BD}"
EndProject
Project("{8BC9CEB8-8B4A-11D0-8D11-00A0C91BC942}") = "把二叉树打印成多行", "把二叉树打印成多行\把二叉树打印成多行.vcxproj", "{12BEB509-324F-44C2-922D-2B0374A6EE4D}"
EndProject
Project("{8BC9CEB8-8B4A-11D0-8D11-00A0C91BC942}") = "序列化二叉树", "序列化二叉树\序列化二叉树.vcxproj", "{7A2B2436-6812-4B28-A219-FF0499AA33B4}"
EndProject
Project("{8BC9CEB8-8B4A-11D0-8D11-00A0C91BC942}") = "二叉搜索数的第K个结点", "二叉搜索数的第K个结点\二叉搜索数的第K个结点.vcxproj", "{9D53EFD7-8A35-4E6E-9A07-8DCEC98F1EFB}"
EndProject
Project("{8BC9CEB8-8B4A-11D0-8D11-00A0C91BC942}") = "数据流中的中位数", "数据流中的中位数\数据流中的中位数.vcxproj", "{0EA3D5F5-4D8D-4986-850D-7DC842C4FA4A}"
EndProject
Project("{8BC9CEB8-8B4A-11D0-8D11-00A0C91BC942}") = "滑动窗口的最大值", "滑动窗口的最大值\滑动窗口的最大值.vcxproj", "{83C8AD6C-AFA0-46CC-B987-7EB73EDFD533}"
EndProject
Project("{8BC9CEB8-8B4A-11D0-8D11-00A0C91BC942}") = "矩阵中的路径", "矩阵中的路径\矩阵中的路径.vcxproj", "{85C9BAFB-8CBB-4AEC-A1C6-FFFAF03CC81C}"
EndProject
Project("{8BC9CEB8-8B4A-11D0-8D11-00A0C91BC942}") = "机器人的运动范围", "机器人的运动范围\机器人的运动范围.vcxproj", "{771B5241-7506-4A46-B108-6B584F7E1E9F}"
EndProject
Global
	GlobalSection(SolutionConfigurationPlatforms) = preSolution
		Debug|x64 = Debug|x64
		Debug|x86 = Debug|x86
		Release|x64 = Release|x64
		Release|x86 = Release|x86
	EndGlobalSection
	GlobalSection(ProjectConfigurationPlatforms) = postSolution
		{B06A352F-B76C-475C-AE39-97EEDA85F6B7}.Debug|x64.ActiveCfg = Debug|x64
		{B06A352F-B76C-475C-AE39-97EEDA85F6B7}.Debug|x64.Build.0 = Debug|x64
		{B06A352F-B76C-475C-AE39-97EEDA85F6B7}.Debug|x86.ActiveCfg = Debug|Win32
		{B06A352F-B76C-475C-AE39-97EEDA85F6B7}.Debug|x86.Build.0 = Debug|Win32
		{B06A352F-B76C-475C-AE39-97EEDA85F6B7}.Release|x64.ActiveCfg = Release|x64
		{B06A352F-B76C-475C-AE39-97EEDA85F6B7}.Release|x64.Build.0 = Release|x64
		{B06A352F-B76C-475C-AE39-97EEDA85F6B7}.Release|x86.ActiveCfg = Release|Win32
		{B06A352F-B76C-475C-AE39-97EEDA85F6B7}.Release|x86.Build.0 = Release|Win32
		{728C952C-A9BB-4CD6-AC3A-DCDC15A95654}.Debug|x64.ActiveCfg = Debug|x64
		{728C952C-A9BB-4CD6-AC3A-DCDC15A95654}.Debug|x64.Build.0 = Debug|x64
		{728C952C-A9BB-4CD6-AC3A-DCDC15A95654}.Debug|x86.ActiveCfg = Debug|Win32
		{728C952C-A9BB-4CD6-AC3A-DCDC15A95654}.Debug|x86.Build.0 = Debug|Win32
		{728C952C-A9BB-4CD6-AC3A-DCDC15A95654}.Release|x64.ActiveCfg = Release|x64
		{728C952C-A9BB-4CD6-AC3A-DCDC15A95654}.Release|x64.Build.0 = Release|x64
		{728C952C-A9BB-4CD6-AC3A-DCDC15A95654}.Release|x86.ActiveCfg = Release|Win32
		{728C952C-A9BB-4CD6-AC3A-DCDC15A95654}.Release|x86.Build.0 = Release|Win32
		{A3B14A5A-643F-44B6-ABD2-EFDC629D504B}.Debug|x64.ActiveCfg = Debug|x64
		{A3B14A5A-643F-44B6-ABD2-EFDC629D504B}.Debug|x64.Build.0 = Debug|x64
		{A3B14A5A-643F-44B6-ABD2-EFDC629D504B}.Debug|x86.ActiveCfg = Debug|Win32
		{A3B14A5A-643F-44B6-ABD2-EFDC629D504B}.Debug|x86.Build.0 = Debug|Win32
		{A3B14A5A-643F-44B6-ABD2-EFDC629D504B}.Release|x64.ActiveCfg = Release|x64
		{A3B14A5A-643F-44B6-ABD2-EFDC629D504B}.Release|x64.Build.0 = Release|x64
		{A3B14A5A-643F-44B6-ABD2-EFDC629D504B}.Release|x86.ActiveCfg = Release|Win32
		{A3B14A5A-643F-44B6-ABD2-EFDC629D504B}.Release|x86.Build.0 = Release|Win32
		{B30F6D67-1786-448C-B1BE-E647DA8C48BC}.Debug|x64.ActiveCfg = Debug|x64
		{B30F6D67-1786-448C-B1BE-E647DA8C48BC}.Debug|x64.Build.0 = Debug|x64
		{B30F6D67-1786-448C-B1BE-E647DA8C48BC}.Debug|x86.ActiveCfg = Debug|Win32
		{B30F6D67-1786-448C-B1BE-E647DA8C48BC}.Debug|x86.Build.0 = Debug|Win32
		{B30F6D67-1786-448C-B1BE-E647DA8C48BC}.Release|x64.ActiveCfg = Release|x64
		{B30F6D67-1786-448C-B1BE-E647DA8C48BC}.Release|x64.Build.0 = Release|x64
		{B30F6D67-1786-448C-B1BE-E647DA8C48BC}.Release|x86.ActiveCfg = Release|Win32
		{B30F6D67-1786-448C-B1BE-E647DA8C48BC}.Release|x86.Build.0 = Release|Win32
		{B3D8DC8A-CDA4-4E7C-86E4-6AA6A187CAAE}.Debug|x64.ActiveCfg = Debug|x64
		{B3D8DC8A-CDA4-4E7C-86E4-6AA6A187CAAE}.Debug|x64.Build.0 = Debug|x64
		{B3D8DC8A-CDA4-4E7C-86E4-6AA6A187CAAE}.Debug|x86.ActiveCfg = Debug|Win32
		{B3D8DC8A-CDA4-4E7C-86E4-6AA6A187CAAE}.Debug|x86.Build.0 = Debug|Win32
		{B3D8DC8A-CDA4-4E7C-86E4-6AA6A187CAAE}.Release|x64.ActiveCfg = Release|x64
		{B3D8DC8A-CDA4-4E7C-86E4-6AA6A187CAAE}.Release|x64.Build.0 = Release|x64
		{B3D8DC8A-CDA4-4E7C-86E4-6AA6A187CAAE}.Release|x86.ActiveCfg = Release|Win32
		{B3D8DC8A-CDA4-4E7C-86E4-6AA6A187CAAE}.Release|x86.Build.0 = Release|Win32
		{1B53A6DE-06C9-485F-A394-615599A11745}.Debug|x64.ActiveCfg = Debug|x64
		{1B53A6DE-06C9-485F-A394-615599A11745}.Debug|x64.Build.0 = Debug|x64
		{1B53A6DE-06C9-485F-A394-615599A11745}.Debug|x86.ActiveCfg = Debug|Win32
		{1B53A6DE-06C9-485F-A394-615599A11745}.Debug|x86.Build.0 = Debug|Win32
		{1B53A6DE-06C9-485F-A394-615599A11745}.Release|x64.ActiveCfg = Release|x64
		{1B53A6DE-06C9-485F-A394-615599A11745}.Release|x64.Build.0 = Release|x64
		{1B53A6DE-06C9-485F-A394-615599A11745}.Release|x86.ActiveCfg = Release|Win32
		{1B53A6DE-06C9-485F-A394-615599A11745}.Release|x86.Build.0 = Release|Win32
		{B781ABDB-2F35-4432-A82B-F7187C77A9D7}.Debug|x64.ActiveCfg = Debug|x64
		{B781ABDB-2F35-4432-A82B-F7187C77A9D7}.Debug|x64.Build.0 = Debug|x64
		{B781ABDB-2F35-4432-A82B-F7187C77A9D7}.Debug|x86.ActiveCfg = Debug|Win32
		{B781ABDB-2F35-4432-A82B-F7187C77A9D7}.Debug|x86.Build.0 = Debug|Win32
		{B781ABDB-2F35-4432-A82B-F7187C77A9D7}.Release|x64.ActiveCfg = Release|x64
		{B781ABDB-2F35-4432-A82B-F7187C77A9D7}.Release|x64.Build.0 = Release|x64
		{B781ABDB-2F35-4432-A82B-F7187C77A9D7}.Release|x86.ActiveCfg = Release|Win32
		{B781ABDB-2F35-4432-A82B-F7187C77A9D7}.Release|x86.Build.0 = Release|Win32
		{ACEAFDCB-46C2-4DFE-8587-5C9636D595ED}.Debug|x64.ActiveCfg = Debug|x64
		{ACEAFDCB-46C2-4DFE-8587-5C9636D595ED}.Debug|x64.Build.0 = Debug|x64
		{ACEAFDCB-46C2-4DFE-8587-5C9636D595ED}.Debug|x86.ActiveCfg = Debug|Win32
		{ACEAFDCB-46C2-4DFE-8587-5C9636D595ED}.Debug|x86.Build.0 = Debug|Win32
		{ACEAFDCB-46C2-4DFE-8587-5C9636D595ED}.Release|x64.ActiveCfg = Release|x64
		{ACEAFDCB-46C2-4DFE-8587-5C9636D595ED}.Release|x64.Build.0 = Release|x64
		{ACEAFDCB-46C2-4DFE-8587-5C9636D595ED}.Release|x86.ActiveCfg = Release|Win32
		{ACEAFDCB-46C2-4DFE-8587-5C9636D595ED}.Release|x86.Build.0 = Release|Win32
		{C433354A-EF11-46AB-A4B1-DF0A72A9F005}.Debug|x64.ActiveCfg = Debug|x64
		{C433354A-EF11-46AB-A4B1-DF0A72A9F005}.Debug|x64.Build.0 = Debug|x64
		{C433354A-EF11-46AB-A4B1-DF0A72A9F005}.Debug|x86.ActiveCfg = Debug|Win32
		{C433354A-EF11-46AB-A4B1-DF0A72A9F005}.Debug|x86.Build.0 = Debug|Win32
		{C433354A-EF11-46AB-A4B1-DF0A72A9F005}.Release|x64.ActiveCfg = Release|x64
		{C433354A-EF11-46AB-A4B1-DF0A72A9F005}.Release|x64.Build.0 = Release|x64
		{C433354A-EF11-46AB-A4B1-DF0A72A9F005}.Release|x86.ActiveCfg = Release|Win32
		{C433354A-EF11-46AB-A4B1-DF0A72A9F005}.Release|x86.Build.0 = Release|Win32
		{7CCC196A-E6CC-44A9-AAB2-6579FBEEB8A1}.Debug|x64.ActiveCfg = Debug|x64
		{7CCC196A-E6CC-44A9-AAB2-6579FBEEB8A1}.Debug|x64.Build.0 = Debug|x64
		{7CCC196A-E6CC-44A9-AAB2-6579FBEEB8A1}.Debug|x86.ActiveCfg = Debug|Win32
		{7CCC196A-E6CC-44A9-AAB2-6579FBEEB8A1}.Debug|x86.Build.0 = Debug|Win32
		{7CCC196A-E6CC-44A9-AAB2-6579FBEEB8A1}.Release|x64.ActiveCfg = Release|x64
		{7CCC196A-E6CC-44A9-AAB2-6579FBEEB8A1}.Release|x64.Build.0 = Release|x64
		{7CCC196A-E6CC-44A9-AAB2-6579FBEEB8A1}.Release|x86.ActiveCfg = Release|Win32
		{7CCC196A-E6CC-44A9-AAB2-6579FBEEB8A1}.Release|x86.Build.0 = Release|Win32
		{D042C371-38D8-441D-9448-DC597C7A88D0}.Debug|x64.ActiveCfg = Debug|x64
		{D042C371-38D8-441D-9448-DC597C7A88D0}.Debug|x64.Build.0 = Debug|x64
		{D042C371-38D8-441D-9448-DC597C7A88D0}.Debug|x86.ActiveCfg = Debug|Win32
		{D042C371-38D8-441D-9448-DC597C7A88D0}.Debug|x86.Build.0 = Debug|Win32
		{D042C371-38D8-441D-9448-DC597C7A88D0}.Release|x64.ActiveCfg = Release|x64
		{D042C371-38D8-441D-9448-DC597C7A88D0}.Release|x64.Build.0 = Release|x64
		{D042C371-38D8-441D-9448-DC597C7A88D0}.Release|x86.ActiveCfg = Release|Win32
		{D042C371-38D8-441D-9448-DC597C7A88D0}.Release|x86.Build.0 = Release|Win32
		{EC41A032-6DBF-41DC-914D-EEB98628A1B6}.Debug|x64.ActiveCfg = Debug|x64
		{EC41A032-6DBF-41DC-914D-EEB98628A1B6}.Debug|x64.Build.0 = Debug|x64
		{EC41A032-6DBF-41DC-914D-EEB98628A1B6}.Debug|x86.ActiveCfg = Debug|Win32
		{EC41A032-6DBF-41DC-914D-EEB98628A1B6}.Debug|x86.Build.0 = Debug|Win32
		{EC41A032-6DBF-41DC-914D-EEB98628A1B6}.Release|x64.ActiveCfg = Release|x64
		{EC41A032-6DBF-41DC-914D-EEB98628A1B6}.Release|x64.Build.0 = Release|x64
		{EC41A032-6DBF-41DC-914D-EEB98628A1B6}.Release|x86.ActiveCfg = Release|Win32
		{EC41A032-6DBF-41DC-914D-EEB98628A1B6}.Release|x86.Build.0 = Release|Win32
		{74A6734B-1C5B-4393-8D46-8F24067E1FB0}.Debug|x64.ActiveCfg = Debug|x64
		{74A6734B-1C5B-4393-8D46-8F24067E1FB0}.Debug|x64.Build.0 = Debug|x64
		{74A6734B-1C5B-4393-8D46-8F24067E1FB0}.Debug|x86.ActiveCfg = Debug|Win32
		{74A6734B-1C5B-4393-8D46-8F24067E1FB0}.Debug|x86.Build.0 = Debug|Win32
		{74A6734B-1C5B-4393-8D46-8F24067E1FB0}.Release|x64.ActiveCfg = Release|x64
		{74A6734B-1C5B-4393-8D46-8F24067E1FB0}.Release|x64.Build.0 = Release|x64
		{74A6734B-1C5B-4393-8D46-8F24067E1FB0}.Release|x86.ActiveCfg = Release|Win32
		{74A6734B-1C5B-4393-8D46-8F24067E1FB0}.Release|x86.Build.0 = Release|Win32
		{A7AC1429-2220-4E2F-9CC5-7C3DBA608069}.Debug|x64.ActiveCfg = Debug|x64
		{A7AC1429-2220-4E2F-9CC5-7C3DBA608069}.Debug|x64.Build.0 = Debug|x64
		{A7AC1429-2220-4E2F-9CC5-7C3DBA608069}.Debug|x86.ActiveCfg = Debug|Win32
		{A7AC1429-2220-4E2F-9CC5-7C3DBA608069}.Debug|x86.Build.0 = Debug|Win32
		{A7AC1429-2220-4E2F-9CC5-7C3DBA608069}.Release|x64.ActiveCfg = Release|x64
		{A7AC1429-2220-4E2F-9CC5-7C3DBA608069}.Release|x64.Build.0 = Release|x64
		{A7AC1429-2220-4E2F-9CC5-7C3DBA608069}.Release|x86.ActiveCfg = Release|Win32
		{A7AC1429-2220-4E2F-9CC5-7C3DBA608069}.Release|x86.Build.0 = Release|Win32
		{570129F2-A1F6-4E7C-899E-FDF3EB564C2F}.Debug|x64.ActiveCfg = Debug|x64
		{570129F2-A1F6-4E7C-899E-FDF3EB564C2F}.Debug|x64.Build.0 = Debug|x64
		{570129F2-A1F6-4E7C-899E-FDF3EB564C2F}.Debug|x86.ActiveCfg = Debug|Win32
		{570129F2-A1F6-4E7C-899E-FDF3EB564C2F}.Debug|x86.Build.0 = Debug|Win32
		{570129F2-A1F6-4E7C-899E-FDF3EB564C2F}.Release|x64.ActiveCfg = Release|x64
		{570129F2-A1F6-4E7C-899E-FDF3EB564C2F}.Release|x64.Build.0 = Release|x64
		{570129F2-A1F6-4E7C-899E-FDF3EB564C2F}.Release|x86.ActiveCfg = Release|Win32
		{570129F2-A1F6-4E7C-899E-FDF3EB564C2F}.Release|x86.Build.0 = Release|Win32
		{3D9CE795-FD82-4FB6-8F5D-D4096F91CAA7}.Debug|x64.ActiveCfg = Debug|x64
		{3D9CE795-FD82-4FB6-8F5D-D4096F91CAA7}.Debug|x64.Build.0 = Debug|x64
		{3D9CE795-FD82-4FB6-8F5D-D4096F91CAA7}.Debug|x86.ActiveCfg = Debug|Win32
		{3D9CE795-FD82-4FB6-8F5D-D4096F91CAA7}.Debug|x86.Build.0 = Debug|Win32
		{3D9CE795-FD82-4FB6-8F5D-D4096F91CAA7}.Release|x64.ActiveCfg = Release|x64
		{3D9CE795-FD82-4FB6-8F5D-D4096F91CAA7}.Release|x64.Build.0 = Release|x64
		{3D9CE795-FD82-4FB6-8F5D-D4096F91CAA7}.Release|x86.ActiveCfg = Release|Win32
		{3D9CE795-FD82-4FB6-8F5D-D4096F91CAA7}.Release|x86.Build.0 = Release|Win32
		{E34A13F1-5DD3-4FA6-9C75-7246C6E81F7A}.Debug|x64.ActiveCfg = Debug|x64
		{E34A13F1-5DD3-4FA6-9C75-7246C6E81F7A}.Debug|x64.Build.0 = Debug|x64
		{E34A13F1-5DD3-4FA6-9C75-7246C6E81F7A}.Debug|x86.ActiveCfg = Debug|Win32
		{E34A13F1-5DD3-4FA6-9C75-7246C6E81F7A}.Debug|x86.Build.0 = Debug|Win32
		{E34A13F1-5DD3-4FA6-9C75-7246C6E81F7A}.Release|x64.ActiveCfg = Release|x64
		{E34A13F1-5DD3-4FA6-9C75-7246C6E81F7A}.Release|x64.Build.0 = Release|x64
		{E34A13F1-5DD3-4FA6-9C75-7246C6E81F7A}.Release|x86.ActiveCfg = Release|Win32
		{E34A13F1-5DD3-4FA6-9C75-7246C6E81F7A}.Release|x86.Build.0 = Release|Win32
		{D8F5987F-EED3-4F89-AA80-6C6FBBBD409C}.Debug|x64.ActiveCfg = Debug|x64
		{D8F5987F-EED3-4F89-AA80-6C6FBBBD409C}.Debug|x64.Build.0 = Debug|x64
		{D8F5987F-EED3-4F89-AA80-6C6FBBBD409C}.Debug|x86.ActiveCfg = Debug|Win32
		{D8F5987F-EED3-4F89-AA80-6C6FBBBD409C}.Debug|x86.Build.0 = Debug|Win32
		{D8F5987F-EED3-4F89-AA80-6C6FBBBD409C}.Release|x64.ActiveCfg = Release|x64
		{D8F5987F-EED3-4F89-AA80-6C6FBBBD409C}.Release|x64.Build.0 = Release|x64
		{D8F5987F-EED3-4F89-AA80-6C6FBBBD409C}.Release|x86.ActiveCfg = Release|Win32
		{D8F5987F-EED3-4F89-AA80-6C6FBBBD409C}.Release|x86.Build.0 = Release|Win32
		{54CBD32B-1F87-4C94-93AB-5A58E0818765}.Debug|x64.ActiveCfg = Debug|x64
		{54CBD32B-1F87-4C94-93AB-5A58E0818765}.Debug|x64.Build.0 = Debug|x64
		{54CBD32B-1F87-4C94-93AB-5A58E0818765}.Debug|x86.ActiveCfg = Debug|Win32
		{54CBD32B-1F87-4C94-93AB-5A58E0818765}.Debug|x86.Build.0 = Debug|Win32
		{54CBD32B-1F87-4C94-93AB-5A58E0818765}.Release|x64.ActiveCfg = Release|x64
		{54CBD32B-1F87-4C94-93AB-5A58E0818765}.Release|x64.Build.0 = Release|x64
		{54CBD32B-1F87-4C94-93AB-5A58E0818765}.Release|x86.ActiveCfg = Release|Win32
		{54CBD32B-1F87-4C94-93AB-5A58E0818765}.Release|x86.Build.0 = Release|Win32
		{FFE60DB6-C1F1-47A5-BAF5-3DF12105D2A7}.Debug|x64.ActiveCfg = Debug|x64
		{FFE60DB6-C1F1-47A5-BAF5-3DF12105D2A7}.Debug|x64.Build.0 = Debug|x64
		{FFE60DB6-C1F1-47A5-BAF5-3DF12105D2A7}.Debug|x86.ActiveCfg = Debug|Win32
		{FFE60DB6-C1F1-47A5-BAF5-3DF12105D2A7}.Debug|x86.Build.0 = Debug|Win32
		{FFE60DB6-C1F1-47A5-BAF5-3DF12105D2A7}.Release|x64.ActiveCfg = Release|x64
		{FFE60DB6-C1F1-47A5-BAF5-3DF12105D2A7}.Release|x64.Build.0 = Release|x64
		{FFE60DB6-C1F1-47A5-BAF5-3DF12105D2A7}.Release|x86.ActiveCfg = Release|Win32
		{FFE60DB6-C1F1-47A5-BAF5-3DF12105D2A7}.Release|x86.Build.0 = Release|Win32
		{F854B653-177F-42E2-AAE3-08B2411CDC24}.Debug|x64.ActiveCfg = Debug|x64
		{F854B653-177F-42E2-AAE3-08B2411CDC24}.Debug|x64.Build.0 = Debug|x64
		{F854B653-177F-42E2-AAE3-08B2411CDC24}.Debug|x86.ActiveCfg = Debug|Win32
		{F854B653-177F-42E2-AAE3-08B2411CDC24}.Debug|x86.Build.0 = Debug|Win32
		{F854B653-177F-42E2-AAE3-08B2411CDC24}.Release|x64.ActiveCfg = Release|x64
		{F854B653-177F-42E2-AAE3-08B2411CDC24}.Release|x64.Build.0 = Release|x64
		{F854B653-177F-42E2-AAE3-08B2411CDC24}.Release|x86.ActiveCfg = Release|Win32
		{F854B653-177F-42E2-AAE3-08B2411CDC24}.Release|x86.Build.0 = Release|Win32
		{A848F244-4338-4DD1-9DBE-8818AB181BE1}.Debug|x64.ActiveCfg = Debug|x64
		{A848F244-4338-4DD1-9DBE-8818AB181BE1}.Debug|x64.Build.0 = Debug|x64
		{A848F244-4338-4DD1-9DBE-8818AB181BE1}.Debug|x86.ActiveCfg = Debug|Win32
		{A848F244-4338-4DD1-9DBE-8818AB181BE1}.Debug|x86.Build.0 = Debug|Win32
		{A848F244-4338-4DD1-9DBE-8818AB181BE1}.Release|x64.ActiveCfg = Release|x64
		{A848F244-4338-4DD1-9DBE-8818AB181BE1}.Release|x64.Build.0 = Release|x64
		{A848F244-4338-4DD1-9DBE-8818AB181BE1}.Release|x86.ActiveCfg = Release|Win32
		{A848F244-4338-4DD1-9DBE-8818AB181BE1}.Release|x86.Build.0 = Release|Win32
		{5DD6F8C6-2438-4A3D-85E2-05047DB77FF0}.Debug|x64.ActiveCfg = Debug|x64
		{5DD6F8C6-2438-4A3D-85E2-05047DB77FF0}.Debug|x64.Build.0 = Debug|x64
		{5DD6F8C6-2438-4A3D-85E2-05047DB77FF0}.Debug|x86.ActiveCfg = Debug|Win32
		{5DD6F8C6-2438-4A3D-85E2-05047DB77FF0}.Debug|x86.Build.0 = Debug|Win32
		{5DD6F8C6-2438-4A3D-85E2-05047DB77FF0}.Release|x64.ActiveCfg = Release|x64
		{5DD6F8C6-2438-4A3D-85E2-05047DB77FF0}.Release|x64.Build.0 = Release|x64
		{5DD6F8C6-2438-4A3D-85E2-05047DB77FF0}.Release|x86.ActiveCfg = Release|Win32
		{5DD6F8C6-2438-4A3D-85E2-05047DB77FF0}.Release|x86.Build.0 = Release|Win32
		{492E1F37-C1A1-4B07-BE3F-6B42EE6BD2C3}.Debug|x64.ActiveCfg = Debug|x64
		{492E1F37-C1A1-4B07-BE3F-6B42EE6BD2C3}.Debug|x64.Build.0 = Debug|x64
		{492E1F37-C1A1-4B07-BE3F-6B42EE6BD2C3}.Debug|x86.ActiveCfg = Debug|Win32
		{492E1F37-C1A1-4B07-BE3F-6B42EE6BD2C3}.Debug|x86.Build.0 = Debug|Win32
		{492E1F37-C1A1-4B07-BE3F-6B42EE6BD2C3}.Release|x64.ActiveCfg = Release|x64
		{492E1F37-C1A1-4B07-BE3F-6B42EE6BD2C3}.Release|x64.Build.0 = Release|x64
		{492E1F37-C1A1-4B07-BE3F-6B42EE6BD2C3}.Release|x86.ActiveCfg = Release|Win32
		{492E1F37-C1A1-4B07-BE3F-6B42EE6BD2C3}.Release|x86.Build.0 = Release|Win32
		{A0555708-9F44-4578-B334-475CC3B015F0}.Debug|x64.ActiveCfg = Debug|x64
		{A0555708-9F44-4578-B334-475CC3B015F0}.Debug|x64.Build.0 = Debug|x64
		{A0555708-9F44-4578-B334-475CC3B015F0}.Debug|x86.ActiveCfg = Debug|Win32
		{A0555708-9F44-4578-B334-475CC3B015F0}.Debug|x86.Build.0 = Debug|Win32
		{A0555708-9F44-4578-B334-475CC3B015F0}.Release|x64.ActiveCfg = Release|x64
		{A0555708-9F44-4578-B334-475CC3B015F0}.Release|x64.Build.0 = Release|x64
		{A0555708-9F44-4578-B334-475CC3B015F0}.Release|x86.ActiveCfg = Release|Win32
		{A0555708-9F44-4578-B334-475CC3B015F0}.Release|x86.Build.0 = Release|Win32
		{436A2A76-18E3-406D-B7BE-2AC55856DB1E}.Debug|x64.ActiveCfg = Debug|x64
		{436A2A76-18E3-406D-B7BE-2AC55856DB1E}.Debug|x64.Build.0 = Debug|x64
		{436A2A76-18E3-406D-B7BE-2AC55856DB1E}.Debug|x86.ActiveCfg = Debug|Win32
		{436A2A76-18E3-406D-B7BE-2AC55856DB1E}.Debug|x86.Build.0 = Debug|Win32
		{436A2A76-18E3-406D-B7BE-2AC55856DB1E}.Release|x64.ActiveCfg = Release|x64
		{436A2A76-18E3-406D-B7BE-2AC55856DB1E}.Release|x64.Build.0 = Release|x64
		{436A2A76-18E3-406D-B7BE-2AC55856DB1E}.Release|x86.ActiveCfg = Release|Win32
		{436A2A76-18E3-406D-B7BE-2AC55856DB1E}.Release|x86.Build.0 = Release|Win32
		{33F35AD0-9F4E-4AD0-88DB-F8DF890EE732}.Debug|x64.ActiveCfg = Debug|x64
		{33F35AD0-9F4E-4AD0-88DB-F8DF890EE732}.Debug|x64.Build.0 = Debug|x64
		{33F35AD0-9F4E-4AD0-88DB-F8DF890EE732}.Debug|x86.ActiveCfg = Debug|Win32
		{33F35AD0-9F4E-4AD0-88DB-F8DF890EE732}.Debug|x86.Build.0 = Debug|Win32
		{33F35AD0-9F4E-4AD0-88DB-F8DF890EE732}.Release|x64.ActiveCfg = Release|x64
		{33F35AD0-9F4E-4AD0-88DB-F8DF890EE732}.Release|x64.Build.0 = Release|x64
		{33F35AD0-9F4E-4AD0-88DB-F8DF890EE732}.Release|x86.ActiveCfg = Release|Win32
		{33F35AD0-9F4E-4AD0-88DB-F8DF890EE732}.Release|x86.Build.0 = Release|Win32
		{2F63C1AB-15F3-4261-9ADF-6B8D05683CF2}.Debug|x64.ActiveCfg = Debug|x64
		{2F63C1AB-15F3-4261-9ADF-6B8D05683CF2}.Debug|x64.Build.0 = Debug|x64
		{2F63C1AB-15F3-4261-9ADF-6B8D05683CF2}.Debug|x86.ActiveCfg = Debug|Win32
		{2F63C1AB-15F3-4261-9ADF-6B8D05683CF2}.Debug|x86.Build.0 = Debug|Win32
		{2F63C1AB-15F3-4261-9ADF-6B8D05683CF2}.Release|x64.ActiveCfg = Release|x64
		{2F63C1AB-15F3-4261-9ADF-6B8D05683CF2}.Release|x64.Build.0 = Release|x64
		{2F63C1AB-15F3-4261-9ADF-6B8D05683CF2}.Release|x86.ActiveCfg = Release|Win32
		{2F63C1AB-15F3-4261-9ADF-6B8D05683CF2}.Release|x86.Build.0 = Release|Win32
		{5F7FC166-349B-4C3D-9E2C-710DE6BA3837}.Debug|x64.ActiveCfg = Debug|x64
		{5F7FC166-349B-4C3D-9E2C-710DE6BA3837}.Debug|x64.Build.0 = Debug|x64
		{5F7FC166-349B-4C3D-9E2C-710DE6BA3837}.Debug|x86.ActiveCfg = Debug|Win32
		{5F7FC166-349B-4C3D-9E2C-710DE6BA3837}.Debug|x86.Build.0 = Debug|Win32
		{5F7FC166-349B-4C3D-9E2C-710DE6BA3837}.Release|x64.ActiveCfg = Release|x64
		{5F7FC166-349B-4C3D-9E2C-710DE6BA3837}.Release|x64.Build.0 = Release|x64
		{5F7FC166-349B-4C3D-9E2C-710DE6BA3837}.Release|x86.ActiveCfg = Release|Win32
		{5F7FC166-349B-4C3D-9E2C-710DE6BA3837}.Release|x86.Build.0 = Release|Win32
		{FA5579D1-B251-4326-85E4-4D854BF59E4E}.Debug|x64.ActiveCfg = Debug|x64
		{FA5579D1-B251-4326-85E4-4D854BF59E4E}.Debug|x64.Build.0 = Debug|x64
		{FA5579D1-B251-4326-85E4-4D854BF59E4E}.Debug|x86.ActiveCfg = Debug|Win32
		{FA5579D1-B251-4326-85E4-4D854BF59E4E}.Debug|x86.Build.0 = Debug|Win32
		{FA5579D1-B251-4326-85E4-4D854BF59E4E}.Release|x64.ActiveCfg = Release|x64
		{FA5579D1-B251-4326-85E4-4D854BF59E4E}.Release|x64.Build.0 = Release|x64
		{FA5579D1-B251-4326-85E4-4D854BF59E4E}.Release|x86.ActiveCfg = Release|Win32
		{FA5579D1-B251-4326-85E4-4D854BF59E4E}.Release|x86.Build.0 = Release|Win32
		{85E902B6-9328-4EA6-84EA-52B73F1F8369}.Debug|x64.ActiveCfg = Debug|x64
		{85E902B6-9328-4EA6-84EA-52B73F1F8369}.Debug|x64.Build.0 = Debug|x64
		{85E902B6-9328-4EA6-84EA-52B73F1F8369}.Debug|x86.ActiveCfg = Debug|Win32
		{85E902B6-9328-4EA6-84EA-52B73F1F8369}.Debug|x86.Build.0 = Debug|Win32
		{85E902B6-9328-4EA6-84EA-52B73F1F8369}.Release|x64.ActiveCfg = Release|x64
		{85E902B6-9328-4EA6-84EA-52B73F1F8369}.Release|x64.Build.0 = Release|x64
		{85E902B6-9328-4EA6-84EA-52B73F1F8369}.Release|x86.ActiveCfg = Release|Win32
		{85E902B6-9328-4EA6-84EA-52B73F1F8369}.Release|x86.Build.0 = Release|Win32
		{BBD02006-3CCC-4EB8-B5B7-3C4A66674891}.Debug|x64.ActiveCfg = Debug|x64
		{BBD02006-3CCC-4EB8-B5B7-3C4A66674891}.Debug|x64.Build.0 = Debug|x64
		{BBD02006-3CCC-4EB8-B5B7-3C4A66674891}.Debug|x86.ActiveCfg = Debug|Win32
		{BBD02006-3CCC-4EB8-B5B7-3C4A66674891}.Debug|x86.Build.0 = Debug|Win32
		{BBD02006-3CCC-4EB8-B5B7-3C4A66674891}.Release|x64.ActiveCfg = Release|x64
		{BBD02006-3CCC-4EB8-B5B7-3C4A66674891}.Release|x64.Build.0 = Release|x64
		{BBD02006-3CCC-4EB8-B5B7-3C4A66674891}.Release|x86.ActiveCfg = Release|Win32
		{BBD02006-3CCC-4EB8-B5B7-3C4A66674891}.Release|x86.Build.0 = Release|Win32
		{27CE2C5C-0FD7-4F68-B439-C1FC75583A72}.Debug|x64.ActiveCfg = Debug|x64
		{27CE2C5C-0FD7-4F68-B439-C1FC75583A72}.Debug|x64.Build.0 = Debug|x64
		{27CE2C5C-0FD7-4F68-B439-C1FC75583A72}.Debug|x86.ActiveCfg = Debug|Win32
		{27CE2C5C-0FD7-4F68-B439-C1FC75583A72}.Debug|x86.Build.0 = Debug|Win32
		{27CE2C5C-0FD7-4F68-B439-C1FC75583A72}.Release|x64.ActiveCfg = Release|x64
		{27CE2C5C-0FD7-4F68-B439-C1FC75583A72}.Release|x64.Build.0 = Release|x64
		{27CE2C5C-0FD7-4F68-B439-C1FC75583A72}.Release|x86.ActiveCfg = Release|Win32
		{27CE2C5C-0FD7-4F68-B439-C1FC75583A72}.Release|x86.Build.0 = Release|Win32
		{A081E24C-7D1D-404A-8928-777FD186E19A}.Debug|x64.ActiveCfg = Debug|x64
		{A081E24C-7D1D-404A-8928-777FD186E19A}.Debug|x64.Build.0 = Debug|x64
		{A081E24C-7D1D-404A-8928-777FD186E19A}.Debug|x86.ActiveCfg = Debug|Win32
		{A081E24C-7D1D-404A-8928-777FD186E19A}.Debug|x86.Build.0 = Debug|Win32
		{A081E24C-7D1D-404A-8928-777FD186E19A}.Release|x64.ActiveCfg = Release|x64
		{A081E24C-7D1D-404A-8928-777FD186E19A}.Release|x64.Build.0 = Release|x64
		{A081E24C-7D1D-404A-8928-777FD186E19A}.Release|x86.ActiveCfg = Release|Win32
		{A081E24C-7D1D-404A-8928-777FD186E19A}.Release|x86.Build.0 = Release|Win32
		{B51816F3-B28C-4675-84DA-E30176992817}.Debug|x64.ActiveCfg = Debug|x64
		{B51816F3-B28C-4675-84DA-E30176992817}.Debug|x64.Build.0 = Debug|x64
		{B51816F3-B28C-4675-84DA-E30176992817}.Debug|x86.ActiveCfg = Debug|Win32
		{B51816F3-B28C-4675-84DA-E30176992817}.Debug|x86.Build.0 = Debug|Win32
		{B51816F3-B28C-4675-84DA-E30176992817}.Release|x64.ActiveCfg = Release|x64
		{B51816F3-B28C-4675-84DA-E30176992817}.Release|x64.Build.0 = Release|x64
		{B51816F3-B28C-4675-84DA-E30176992817}.Release|x86.ActiveCfg = Release|Win32
		{B51816F3-B28C-4675-84DA-E30176992817}.Release|x86.Build.0 = Release|Win32
		{FD975F24-38A6-4DC5-BA90-9B8E5351C55A}.Debug|x64.ActiveCfg = Debug|x64
		{FD975F24-38A6-4DC5-BA90-9B8E5351C55A}.Debug|x64.Build.0 = Debug|x64
		{FD975F24-38A6-4DC5-BA90-9B8E5351C55A}.Debug|x86.ActiveCfg = Debug|Win32
		{FD975F24-38A6-4DC5-BA90-9B8E5351C55A}.Debug|x86.Build.0 = Debug|Win32
		{FD975F24-38A6-4DC5-BA90-9B8E5351C55A}.Release|x64.ActiveCfg = Release|x64
		{FD975F24-38A6-4DC5-BA90-9B8E5351C55A}.Release|x64.Build.0 = Release|x64
		{FD975F24-38A6-4DC5-BA90-9B8E5351C55A}.Release|x86.ActiveCfg = Release|Win32
		{FD975F24-38A6-4DC5-BA90-9B8E5351C55A}.Release|x86.Build.0 = Release|Win32
		{A1DE7309-1FF9-4AF8-87F7-7512F736FA9D}.Debug|x64.ActiveCfg = Debug|x64
		{A1DE7309-1FF9-4AF8-87F7-7512F736FA9D}.Debug|x64.Build.0 = Debug|x64
		{A1DE7309-1FF9-4AF8-87F7-7512F736FA9D}.Debug|x86.ActiveCfg = Debug|Win32
		{A1DE7309-1FF9-4AF8-87F7-7512F736FA9D}.Debug|x86.Build.0 = Debug|Win32
		{A1DE7309-1FF9-4AF8-87F7-7512F736FA9D}.Release|x64.ActiveCfg = Release|x64
		{A1DE7309-1FF9-4AF8-87F7-7512F736FA9D}.Release|x64.Build.0 = Release|x64
		{A1DE7309-1FF9-4AF8-87F7-7512F736FA9D}.Release|x86.ActiveCfg = Release|Win32
		{A1DE7309-1FF9-4AF8-87F7-7512F736FA9D}.Release|x86.Build.0 = Release|Win32
		{56B4E30B-D5E1-4D16-95CA-247504F8675D}.Debug|x64.ActiveCfg = Debug|x64
		{56B4E30B-D5E1-4D16-95CA-247504F8675D}.Debug|x64.Build.0 = Debug|x64
		{56B4E30B-D5E1-4D16-95CA-247504F8675D}.Debug|x86.ActiveCfg = Debug|Win32
		{56B4E30B-D5E1-4D16-95CA-247504F8675D}.Debug|x86.Build.0 = Debug|Win32
		{56B4E30B-D5E1-4D16-95CA-247504F8675D}.Release|x64.ActiveCfg = Release|x64
		{56B4E30B-D5E1-4D16-95CA-247504F8675D}.Release|x64.Build.0 = Release|x64
		{56B4E30B-D5E1-4D16-95CA-247504F8675D}.Release|x86.ActiveCfg = Release|Win32
		{56B4E30B-D5E1-4D16-95CA-247504F8675D}.Release|x86.Build.0 = Release|Win32
		{63382B58-FACC-40D0-978A-5A5614D9CB8A}.Debug|x64.ActiveCfg = Debug|x64
		{63382B58-FACC-40D0-978A-5A5614D9CB8A}.Debug|x64.Build.0 = Debug|x64
		{63382B58-FACC-40D0-978A-5A5614D9CB8A}.Debug|x86.ActiveCfg = Debug|Win32
		{63382B58-FACC-40D0-978A-5A5614D9CB8A}.Debug|x86.Build.0 = Debug|Win32
		{63382B58-FACC-40D0-978A-5A5614D9CB8A}.Release|x64.ActiveCfg = Release|x64
		{63382B58-FACC-40D0-978A-5A5614D9CB8A}.Release|x64.Build.0 = Release|x64
		{63382B58-FACC-40D0-978A-5A5614D9CB8A}.Release|x86.ActiveCfg = Release|Win32
		{63382B58-FACC-40D0-978A-5A5614D9CB8A}.Release|x86.Build.0 = Release|Win32
		{8F6324C1-D0B3-430E-B8A5-99786DCE1702}.Debug|x64.ActiveCfg = Debug|x64
		{8F6324C1-D0B3-430E-B8A5-99786DCE1702}.Debug|x64.Build.0 = Debug|x64
		{8F6324C1-D0B3-430E-B8A5-99786DCE1702}.Debug|x86.ActiveCfg = Debug|Win32
		{8F6324C1-D0B3-430E-B8A5-99786DCE1702}.Debug|x86.Build.0 = Debug|Win32
		{8F6324C1-D0B3-430E-B8A5-99786DCE1702}.Release|x64.ActiveCfg = Release|x64
		{8F6324C1-D0B3-430E-B8A5-99786DCE1702}.Release|x64.Build.0 = Release|x64
		{8F6324C1-D0B3-430E-B8A5-99786DCE1702}.Release|x86.ActiveCfg = Release|Win32
		{8F6324C1-D0B3-430E-B8A5-99786DCE1702}.Release|x86.Build.0 = Release|Win32
		{189642D9-B62C-4E59-966C-DC1C44F27652}.Debug|x64.ActiveCfg = Debug|x64
		{189642D9-B62C-4E59-966C-DC1C44F27652}.Debug|x64.Build.0 = Debug|x64
		{189642D9-B62C-4E59-966C-DC1C44F27652}.Debug|x86.ActiveCfg = Debug|Win32
		{189642D9-B62C-4E59-966C-DC1C44F27652}.Debug|x86.Build.0 = Debug|Win32
		{189642D9-B62C-4E59-966C-DC1C44F27652}.Release|x64.ActiveCfg = Release|x64
		{189642D9-B62C-4E59-966C-DC1C44F27652}.Release|x64.Build.0 = Release|x64
		{189642D9-B62C-4E59-966C-DC1C44F27652}.Release|x86.ActiveCfg = Release|Win32
		{189642D9-B62C-4E59-966C-DC1C44F27652}.Release|x86.Build.0 = Release|Win32
		{524A68C5-9ED9-4C62-B379-5ADF1F42435E}.Debug|x64.ActiveCfg = Debug|x64
		{524A68C5-9ED9-4C62-B379-5ADF1F42435E}.Debug|x64.Build.0 = Debug|x64
		{524A68C5-9ED9-4C62-B379-5ADF1F42435E}.Debug|x86.ActiveCfg = Debug|Win32
		{524A68C5-9ED9-4C62-B379-5ADF1F42435E}.Debug|x86.Build.0 = Debug|Win32
		{524A68C5-9ED9-4C62-B379-5ADF1F42435E}.Release|x64.ActiveCfg = Release|x64
		{524A68C5-9ED9-4C62-B379-5ADF1F42435E}.Release|x64.Build.0 = Release|x64
		{524A68C5-9ED9-4C62-B379-5ADF1F42435E}.Release|x86.ActiveCfg = Release|Win32
		{524A68C5-9ED9-4C62-B379-5ADF1F42435E}.Release|x86.Build.0 = Release|Win32
		{9CA2EBBE-A809-4A48-BF26-D46A2406922B}.Debug|x64.ActiveCfg = Debug|x64
		{9CA2EBBE-A809-4A48-BF26-D46A2406922B}.Debug|x64.Build.0 = Debug|x64
		{9CA2EBBE-A809-4A48-BF26-D46A2406922B}.Debug|x86.ActiveCfg = Debug|Win32
		{9CA2EBBE-A809-4A48-BF26-D46A2406922B}.Debug|x86.Build.0 = Debug|Win32
		{9CA2EBBE-A809-4A48-BF26-D46A2406922B}.Release|x64.ActiveCfg = Release|x64
		{9CA2EBBE-A809-4A48-BF26-D46A2406922B}.Release|x64.Build.0 = Release|x64
		{9CA2EBBE-A809-4A48-BF26-D46A2406922B}.Release|x86.ActiveCfg = Release|Win32
		{9CA2EBBE-A809-4A48-BF26-D46A2406922B}.Release|x86.Build.0 = Release|Win32
		{5F4B7F95-57EA-420F-813A-7821192BC51E}.Debug|x64.ActiveCfg = Debug|x64
		{5F4B7F95-57EA-420F-813A-7821192BC51E}.Debug|x64.Build.0 = Debug|x64
		{5F4B7F95-57EA-420F-813A-7821192BC51E}.Debug|x86.ActiveCfg = Debug|Win32
		{5F4B7F95-57EA-420F-813A-7821192BC51E}.Debug|x86.Build.0 = Debug|Win32
		{5F4B7F95-57EA-420F-813A-7821192BC51E}.Release|x64.ActiveCfg = Release|x64
		{5F4B7F95-57EA-420F-813A-7821192BC51E}.Release|x64.Build.0 = Release|x64
		{5F4B7F95-57EA-420F-813A-7821192BC51E}.Release|x86.ActiveCfg = Release|Win32
		{5F4B7F95-57EA-420F-813A-7821192BC51E}.Release|x86.Build.0 = Release|Win32
		{3EA2DD4A-6747-4175-ABFB-8EFB859DEF2C}.Debug|x64.ActiveCfg = Debug|x64
		{3EA2DD4A-6747-4175-ABFB-8EFB859DEF2C}.Debug|x64.Build.0 = Debug|x64
		{3EA2DD4A-6747-4175-ABFB-8EFB859DEF2C}.Debug|x86.ActiveCfg = Debug|Win32
		{3EA2DD4A-6747-4175-ABFB-8EFB859DEF2C}.Debug|x86.Build.0 = Debug|Win32
		{3EA2DD4A-6747-4175-ABFB-8EFB859DEF2C}.Release|x64.ActiveCfg = Release|x64
		{3EA2DD4A-6747-4175-ABFB-8EFB859DEF2C}.Release|x64.Build.0 = Release|x64
		{3EA2DD4A-6747-4175-ABFB-8EFB859DEF2C}.Release|x86.ActiveCfg = Release|Win32
		{3EA2DD4A-6747-4175-ABFB-8EFB859DEF2C}.Release|x86.Build.0 = Release|Win32
		{3FC30440-40ED-4DE8-9DD3-DBDEE657AA36}.Debug|x64.ActiveCfg = Debug|x64
		{3FC30440-40ED-4DE8-9DD3-DBDEE657AA36}.Debug|x64.Build.0 = Debug|x64
		{3FC30440-40ED-4DE8-9DD3-DBDEE657AA36}.Debug|x86.ActiveCfg = Debug|Win32
		{3FC30440-40ED-4DE8-9DD3-DBDEE657AA36}.Debug|x86.Build.0 = Debug|Win32
		{3FC30440-40ED-4DE8-9DD3-DBDEE657AA36}.Release|x64.ActiveCfg = Release|x64
		{3FC30440-40ED-4DE8-9DD3-DBDEE657AA36}.Release|x64.Build.0 = Release|x64
		{3FC30440-40ED-4DE8-9DD3-DBDEE657AA36}.Release|x86.ActiveCfg = Release|Win32
		{3FC30440-40ED-4DE8-9DD3-DBDEE657AA36}.Release|x86.Build.0 = Release|Win32
		{3D3F0D0A-68BA-42E8-884A-9F53B9BD2416}.Debug|x64.ActiveCfg = Debug|x64
		{3D3F0D0A-68BA-42E8-884A-9F53B9BD2416}.Debug|x64.Build.0 = Debug|x64
		{3D3F0D0A-68BA-42E8-884A-9F53B9BD2416}.Debug|x86.ActiveCfg = Debug|Win32
		{3D3F0D0A-68BA-42E8-884A-9F53B9BD2416}.Debug|x86.Build.0 = Debug|Win32
		{3D3F0D0A-68BA-42E8-884A-9F53B9BD2416}.Release|x64.ActiveCfg = Release|x64
		{3D3F0D0A-68BA-42E8-884A-9F53B9BD2416}.Release|x64.Build.0 = Release|x64
		{3D3F0D0A-68BA-42E8-884A-9F53B9BD2416}.Release|x86.ActiveCfg = Release|Win32
		{3D3F0D0A-68BA-42E8-884A-9F53B9BD2416}.Release|x86.Build.0 = Release|Win32
		{CFBDCBFF-0FA1-4ABC-A3BA-61A5BFA0284F}.Debug|x64.ActiveCfg = Debug|x64
		{CFBDCBFF-0FA1-4ABC-A3BA-61A5BFA0284F}.Debug|x64.Build.0 = Debug|x64
		{CFBDCBFF-0FA1-4ABC-A3BA-61A5BFA0284F}.Debug|x86.ActiveCfg = Debug|Win32
		{CFBDCBFF-0FA1-4ABC-A3BA-61A5BFA0284F}.Debug|x86.Build.0 = Debug|Win32
		{CFBDCBFF-0FA1-4ABC-A3BA-61A5BFA0284F}.Release|x64.ActiveCfg = Release|x64
		{CFBDCBFF-0FA1-4ABC-A3BA-61A5BFA0284F}.Release|x64.Build.0 = Release|x64
		{CFBDCBFF-0FA1-4ABC-A3BA-61A5BFA0284F}.Release|x86.ActiveCfg = Release|Win32
		{CFBDCBFF-0FA1-4ABC-A3BA-61A5BFA0284F}.Release|x86.Build.0 = Release|Win32
		{8E16F045-5F65-4CFE-B635-23DAE77E19F4}.Debug|x64.ActiveCfg = Debug|x64
		{8E16F045-5F65-4CFE-B635-23DAE77E19F4}.Debug|x64.Build.0 = Debug|x64
		{8E16F045-5F65-4CFE-B635-23DAE77E19F4}.Debug|x86.ActiveCfg = Debug|Win32
		{8E16F045-5F65-4CFE-B635-23DAE77E19F4}.Debug|x86.Build.0 = Debug|Win32
		{8E16F045-5F65-4CFE-B635-23DAE77E19F4}.Release|x64.ActiveCfg = Release|x64
		{8E16F045-5F65-4CFE-B635-23DAE77E19F4}.Release|x64.Build.0 = Release|x64
		{8E16F045-5F65-4CFE-B635-23DAE77E19F4}.Release|x86.ActiveCfg = Release|Win32
		{8E16F045-5F65-4CFE-B635-23DAE77E19F4}.Release|x86.Build.0 = Release|Win32
		{30D8B01E-3DDC-4379-A5A9-09063A018D4C}.Debug|x64.ActiveCfg = Debug|x64
		{30D8B01E-3DDC-4379-A5A9-09063A018D4C}.Debug|x64.Build.0 = Debug|x64
		{30D8B01E-3DDC-4379-A5A9-09063A018D4C}.Debug|x86.ActiveCfg = Debug|Win32
		{30D8B01E-3DDC-4379-A5A9-09063A018D4C}.Debug|x86.Build.0 = Debug|Win32
		{30D8B01E-3DDC-4379-A5A9-09063A018D4C}.Release|x64.ActiveCfg = Release|x64
		{30D8B01E-3DDC-4379-A5A9-09063A018D4C}.Release|x64.Build.0 = Release|x64
		{30D8B01E-3DDC-4379-A5A9-09063A018D4C}.Release|x86.ActiveCfg = Release|Win32
		{30D8B01E-3DDC-4379-A5A9-09063A018D4C}.Release|x86.Build.0 = Release|Win32
		{93E56EA1-BB89-4576-AD15-BF2F70B5BA39}.Debug|x64.ActiveCfg = Debug|x64
		{93E56EA1-BB89-4576-AD15-BF2F70B5BA39}.Debug|x64.Build.0 = Debug|x64
		{93E56EA1-BB89-4576-AD15-BF2F70B5BA39}.Debug|x86.ActiveCfg = Debug|Win32
		{93E56EA1-BB89-4576-AD15-BF2F70B5BA39}.Debug|x86.Build.0 = Debug|Win32
		{93E56EA1-BB89-4576-AD15-BF2F70B5BA39}.Release|x64.ActiveCfg = Release|x64
		{93E56EA1-BB89-4576-AD15-BF2F70B5BA39}.Release|x64.Build.0 = Release|x64
		{93E56EA1-BB89-4576-AD15-BF2F70B5BA39}.Release|x86.ActiveCfg = Release|Win32
		{93E56EA1-BB89-4576-AD15-BF2F70B5BA39}.Release|x86.Build.0 = Release|Win32
		{F7A85BD3-D304-49D3-8F44-7FF85878889D}.Debug|x64.ActiveCfg = Debug|x64
		{F7A85BD3-D304-49D3-8F44-7FF85878889D}.Debug|x64.Build.0 = Debug|x64
		{F7A85BD3-D304-49D3-8F44-7FF85878889D}.Debug|x86.ActiveCfg = Debug|Win32
		{F7A85BD3-D304-49D3-8F44-7FF85878889D}.Debug|x86.Build.0 = Debug|Win32
		{F7A85BD3-D304-49D3-8F44-7FF85878889D}.Release|x64.ActiveCfg = Release|x64
		{F7A85BD3-D304-49D3-8F44-7FF85878889D}.Release|x64.Build.0 = Release|x64
		{F7A85BD3-D304-49D3-8F44-7FF85878889D}.Release|x86.ActiveCfg = Release|Win32
		{F7A85BD3-D304-49D3-8F44-7FF85878889D}.Release|x86.Build.0 = Release|Win32
		{BBB3B6EC-C0A3-407F-9697-6ED94321AE25}.Debug|x64.ActiveCfg = Debug|x64
		{BBB3B6EC-C0A3-407F-9697-6ED94321AE25}.Debug|x64.Build.0 = Debug|x64
		{BBB3B6EC-C0A3-407F-9697-6ED94321AE25}.Debug|x86.ActiveCfg = Debug|Win32
		{BBB3B6EC-C0A3-407F-9697-6ED94321AE25}.Debug|x86.Build.0 = Debug|Win32
		{BBB3B6EC-C0A3-407F-9697-6ED94321AE25}.Release|x64.ActiveCfg = Release|x64
		{BBB3B6EC-C0A3-407F-9697-6ED94321AE25}.Release|x64.Build.0 = Release|x64
		{BBB3B6EC-C0A3-407F-9697-6ED94321AE25}.Release|x86.ActiveCfg = Release|Win32
		{BBB3B6EC-C0A3-407F-9697-6ED94321AE25}.Release|x86.Build.0 = Release|Win32
		{9D3014F0-7533-4765-AFD1-EDE768178C6F}.Debug|x64.ActiveCfg = Debug|x64
		{9D3014F0-7533-4765-AFD1-EDE768178C6F}.Debug|x64.Build.0 = Debug|x64
		{9D3014F0-7533-4765-AFD1-EDE768178C6F}.Debug|x86.ActiveCfg = Debug|Win32
		{9D3014F0-7533-4765-AFD1-EDE768178C6F}.Debug|x86.Build.0 = Debug|Win32
		{9D3014F0-7533-4765-AFD1-EDE768178C6F}.Release|x64.ActiveCfg = Release|x64
		{9D3014F0-7533-4765-AFD1-EDE768178C6F}.Release|x64.Build.0 = Release|x64
		{9D3014F0-7533-4765-AFD1-EDE768178C6F}.Release|x86.ActiveCfg = Release|Win32
		{9D3014F0-7533-4765-AFD1-EDE768178C6F}.Release|x86.Build.0 = Release|Win32
		{DAB47EB1-FBB8-4C4F-8847-F3089FFF9985}.Debug|x64.ActiveCfg = Debug|x64
		{DAB47EB1-FBB8-4C4F-8847-F3089FFF9985}.Debug|x64.Build.0 = Debug|x64
		{DAB47EB1-FBB8-4C4F-8847-F3089FFF9985}.Debug|x86.ActiveCfg = Debug|Win32
		{DAB47EB1-FBB8-4C4F-8847-F3089FFF9985}.Debug|x86.Build.0 = Debug|Win32
		{DAB47EB1-FBB8-4C4F-8847-F3089FFF9985}.Release|x64.ActiveCfg = Release|x64
		{DAB47EB1-FBB8-4C4F-8847-F3089FFF9985}.Release|x64.Build.0 = Release|x64
		{DAB47EB1-FBB8-4C4F-8847-F3089FFF9985}.Release|x86.ActiveCfg = Release|Win32
		{DAB47EB1-FBB8-4C4F-8847-F3089FFF9985}.Release|x86.Build.0 = Release|Win32
		{01DEB8E2-77A2-4525-9DF9-3FCD7421C0A4}.Debug|x64.ActiveCfg = Debug|x64
		{01DEB8E2-77A2-4525-9DF9-3FCD7421C0A4}.Debug|x64.Build.0 = Debug|x64
		{01DEB8E2-77A2-4525-9DF9-3FCD7421C0A4}.Debug|x86.ActiveCfg = Debug|Win32
		{01DEB8E2-77A2-4525-9DF9-3FCD7421C0A4}.Debug|x86.Build.0 = Debug|Win32
		{01DEB8E2-77A2-4525-9DF9-3FCD7421C0A4}.Release|x64.ActiveCfg = Release|x64
		{01DEB8E2-77A2-4525-9DF9-3FCD7421C0A4}.Release|x64.Build.0 = Release|x64
		{01DEB8E2-77A2-4525-9DF9-3FCD7421C0A4}.Release|x86.ActiveCfg = Release|Win32
		{01DEB8E2-77A2-4525-9DF9-3FCD7421C0A4}.Release|x86.Build.0 = Release|Win32
		{127F5FFA-D0E4-4F56-B21F-7879AC7FE6B9}.Debug|x64.ActiveCfg = Debug|x64
		{127F5FFA-D0E4-4F56-B21F-7879AC7FE6B9}.Debug|x64.Build.0 = Debug|x64
		{127F5FFA-D0E4-4F56-B21F-7879AC7FE6B9}.Debug|x86.ActiveCfg = Debug|Win32
		{127F5FFA-D0E4-4F56-B21F-7879AC7FE6B9}.Debug|x86.Build.0 = Debug|Win32
		{127F5FFA-D0E4-4F56-B21F-7879AC7FE6B9}.Release|x64.ActiveCfg = Release|x64
		{127F5FFA-D0E4-4F56-B21F-7879AC7FE6B9}.Release|x64.Build.0 = Release|x64
		{127F5FFA-D0E4-4F56-B21F-7879AC7FE6B9}.Release|x86.ActiveCfg = Release|Win32
		{127F5FFA-D0E4-4F56-B21F-7879AC7FE6B9}.Release|x86.Build.0 = Release|Win32
		{7FF68FC5-93CA-42C4-9FEB-5083021FBEA4}.Debug|x64.ActiveCfg = Debug|x64
		{7FF68FC5-93CA-42C4-9FEB-5083021FBEA4}.Debug|x64.Build.0 = Debug|x64
		{7FF68FC5-93CA-42C4-9FEB-5083021FBEA4}.Debug|x86.ActiveCfg = Debug|Win32
		{7FF68FC5-93CA-42C4-9FEB-5083021FBEA4}.Debug|x86.Build.0 = Debug|Win32
		{7FF68FC5-93CA-42C4-9FEB-5083021FBEA4}.Release|x64.ActiveCfg = Release|x64
		{7FF68FC5-93CA-42C4-9FEB-5083021FBEA4}.Release|x64.Build.0 = Release|x64
		{7FF68FC5-93CA-42C4-9FEB-5083021FBEA4}.Release|x86.ActiveCfg = Release|Win32
		{7FF68FC5-93CA-42C4-9FEB-5083021FBEA4}.Release|x86.Build.0 = Release|Win32
		{CF82E5EF-5BCD-4B3D-B29D-382123E051BD}.Debug|x64.ActiveCfg = Debug|x64
		{CF82E5EF-5BCD-4B3D-B29D-382123E051BD}.Debug|x64.Build.0 = Debug|x64
		{CF82E5EF-5BCD-4B3D-B29D-382123E051BD}.Debug|x86.ActiveCfg = Debug|Win32
		{CF82E5EF-5BCD-4B3D-B29D-382123E051BD}.Debug|x86.Build.0 = Debug|Win32
		{CF82E5EF-5BCD-4B3D-B29D-382123E051BD}.Release|x64.ActiveCfg = Release|x64
		{CF82E5EF-5BCD-4B3D-B29D-382123E051BD}.Release|x64.Build.0 = Release|x64
		{CF82E5EF-5BCD-4B3D-B29D-382123E051BD}.Release|x86.ActiveCfg = Release|Win32
		{CF82E5EF-5BCD-4B3D-B29D-382123E051BD}.Release|x86.Build.0 = Release|Win32
		{12BEB509-324F-44C2-922D-2B0374A6EE4D}.Debug|x64.ActiveCfg = Debug|x64
		{12BEB509-324F-44C2-922D-2B0374A6EE4D}.Debug|x64.Build.0 = Debug|x64
		{12BEB509-324F-44C2-922D-2B0374A6EE4D}.Debug|x86.ActiveCfg = Debug|Win32
		{12BEB509-324F-44C2-922D-2B0374A6EE4D}.Debug|x86.Build.0 = Debug|Win32
		{12BEB509-324F-44C2-922D-2B0374A6EE4D}.Release|x64.ActiveCfg = Release|x64
		{12BEB509-324F-44C2-922D-2B0374A6EE4D}.Release|x64.Build.0 = Release|x64
		{12BEB509-324F-44C2-922D-2B0374A6EE4D}.Release|x86.ActiveCfg = Release|Win32
		{12BEB509-324F-44C2-922D-2B0374A6EE4D}.Release|x86.Build.0 = Release|Win32
		{7A2B2436-6812-4B28-A219-FF0499AA33B4}.Debug|x64.ActiveCfg = Debug|x64
		{7A2B2436-6812-4B28-A219-FF0499AA33B4}.Debug|x64.Build.0 = Debug|x64
		{7A2B2436-6812-4B28-A219-FF0499AA33B4}.Debug|x86.ActiveCfg = Debug|Win32
		{7A2B2436-6812-4B28-A219-FF0499AA33B4}.Debug|x86.Build.0 = Debug|Win32
		{7A2B2436-6812-4B28-A219-FF0499AA33B4}.Release|x64.ActiveCfg = Release|x64
		{7A2B2436-6812-4B28-A219-FF0499AA33B4}.Release|x64.Build.0 = Release|x64
		{7A2B2436-6812-4B28-A219-FF0499AA33B4}.Release|x86.ActiveCfg = Release|Win32
		{7A2B2436-6812-4B28-A219-FF0499AA33B4}.Release|x86.Build.0 = Release|Win32
		{9D53EFD7-8A35-4E6E-9A07-8DCEC98F1EFB}.Debug|x64.ActiveCfg = Debug|x64
		{9D53EFD7-8A35-4E6E-9A07-8DCEC98F1EFB}.Debug|x64.Build.0 = Debug|x64
		{9D53EFD7-8A35-4E6E-9A07-8DCEC98F1EFB}.Debug|x86.ActiveCfg = Debug|Win32
		{9D53EFD7-8A35-4E6E-9A07-8DCEC98F1EFB}.Debug|x86.Build.0 = Debug|Win32
		{9D53EFD7-8A35-4E6E-9A07-8DCEC98F1EFB}.Release|x64.ActiveCfg = Release|x64
		{9D53EFD7-8A35-4E6E-9A07-8DCEC98F1EFB}.Release|x64.Build.0 = Release|x64
		{9D53EFD7-8A35-4E6E-9A07-8DCEC98F1EFB}.Release|x86.ActiveCfg = Release|Win32
		{9D53EFD7-8A35-4E6E-9A07-8DCEC98F1EFB}.Release|x86.Build.0 = Release|Win32
		{0EA3D5F5-4D8D-4986-850D-7DC842C4FA4A}.Debug|x64.ActiveCfg = Debug|x64
		{0EA3D5F5-4D8D-4986-850D-7DC842C4FA4A}.Debug|x64.Build.0 = Debug|x64
		{0EA3D5F5-4D8D-4986-850D-7DC842C4FA4A}.Debug|x86.ActiveCfg = Debug|Win32
		{0EA3D5F5-4D8D-4986-850D-7DC842C4FA4A}.Debug|x86.Build.0 = Debug|Win32
		{0EA3D5F5-4D8D-4986-850D-7DC842C4FA4A}.Release|x64.ActiveCfg = Release|x64
		{0EA3D5F5-4D8D-4986-850D-7DC842C4FA4A}.Release|x64.Build.0 = Release|x64
		{0EA3D5F5-4D8D-4986-850D-7DC842C4FA4A}.Release|x86.ActiveCfg = Release|Win32
		{0EA3D5F5-4D8D-4986-850D-7DC842C4FA4A}.Release|x86.Build.0 = Release|Win32
		{83C8AD6C-AFA0-46CC-B987-7EB73EDFD533}.Debug|x64.ActiveCfg = Debug|x64
		{83C8AD6C-AFA0-46CC-B987-7EB73EDFD533}.Debug|x64.Build.0 = Debug|x64
		{83C8AD6C-AFA0-46CC-B987-7EB73EDFD533}.Debug|x86.ActiveCfg = Debug|Win32
		{83C8AD6C-AFA0-46CC-B987-7EB73EDFD533}.Debug|x86.Build.0 = Debug|Win32
		{83C8AD6C-AFA0-46CC-B987-7EB73EDFD533}.Release|x64.ActiveCfg = Release|x64
		{83C8AD6C-AFA0-46CC-B987-7EB73EDFD533}.Release|x64.Build.0 = Release|x64
		{83C8AD6C-AFA0-46CC-B987-7EB73EDFD533}.Release|x86.ActiveCfg = Release|Win32
		{83C8AD6C-AFA0-46CC-B987-7EB73EDFD533}.Release|x86.Build.0 = Release|Win32
		{85C9BAFB-8CBB-4AEC-A1C6-FFFAF03CC81C}.Debug|x64.ActiveCfg = Debug|x64
		{85C9BAFB-8CBB-4AEC-A1C6-FFFAF03CC81C}.Debug|x64.Build.0 = Debug|x64
		{85C9BAFB-8CBB-4AEC-A1C6-FFFAF03CC81C}.Debug|x86.ActiveCfg = Debug|Win32
		{85C9BAFB-8CBB-4AEC-A1C6-FFFAF03CC81C}.Debug|x86.Build.0 = Debug|Win32
		{85C9BAFB-8CBB-4AEC-A1C6-FFFAF03CC81C}.Release|x64.ActiveCfg = Release|x64
		{85C9BAFB-8CBB-4AEC-A1C6-FFFAF03CC81C}.Release|x64.Build.0 = Release|x64
		{85C9BAFB-8CBB-4AEC-A1C6-FFFAF03CC81C}.Release|x86.ActiveCfg = Release|Win32
		{85C9BAFB-8CBB-4AEC-A1C6-FFFAF03CC81C}.Release|x86.Build.0 = Release|Win32
		{771B5241-7506-4A46-B108-6B584F7E1E9F}.Debug|x64.ActiveCfg = Debug|x64
		{771B5241-7506-4A46-B108-6B584F7E1E9F}.Debug|x64.Build.0 = Debug|x64
		{771B5241-7506-4A46-B108-6B584F7E1E9F}.Debug|x86.ActiveCfg = Debug|Win32
		{771B5241-7506-4A46-B108-6B584F7E1E9F}.Debug|x86.Build.0 = Debug|Win32
		{771B5241-7506-4A46-B108-6B584F7E1E9F}.Release|x64.ActiveCfg = Release|x64
		{771B5241-7506-4A46-B108-6B584F7E1E9F}.Release|x64.Build.0 = Release|x64
		{771B5241-7506-4A46-B108-6B584F7E1E9F}.Release|x86.ActiveCfg = Release|Win32
		{771B5241-7506-4A46-B108-6B584F7E1E9F}.Release|x86.Build.0 = Release|Win32
	EndGlobalSection
	GlobalSection(SolutionProperties) = preSolution
		HideSolutionNode = FALSE
	EndGlobalSection
	GlobalSection(ExtensibilityGlobals) = postSolution
		SolutionGuid = {35269171-0159-4679-A4D3-576516431D00}
	EndGlobalSection
EndGlobal
