
Microsoft Visual Studio Solution File, Format Version 12.00
# Visual Studio 15
VisualStudioVersion = 15.0.28307.705
MinimumVisualStudioVersion = 10.0.40219.1
Project("{8BC9CEB8-8B4A-11D0-8D11-00A0C91BC942}") = "二维数组的查找", "algorithmic_practice\algorithmic_practice.vcxproj", "{B06A352F-B76C-475C-AE39-97EEDA85F6B7}"
EndProject
Project("{8BC9CEB8-8B4A-11D0-8D11-00A0C91BC942}") = "替换空格", "替换空格\替换空格.vcxproj", "{728C952C-A9BB-4CD6-AC3A-DCDC15A95654}"
EndProject
Project("{8BC9CEB8-8B4A-11D0-8D11-00A0C91BC942}") = "从尾到头打印链表", "从尾到头打印链表\从尾到头打印链表.vcxproj", "{A3B14A5A-643F-44B6-ABD2-EFDC629D504B}"
EndProject
Project("{8BC9CEB8-8B4A-11D0-8D11-00A0C91BC942}") = "重建二叉树", "重建二叉树\重建二叉树.vcxproj", "{B30F6D67-1786-448C-B1BE-E647DA8C48BC}"
EndProject
Project("{8BC9CEB8-8B4A-11D0-8D11-00A0C91BC942}") = "用两个栈实现队列", "用两个栈实现队列\用两个栈实现队列.vcxproj", "{B3D8DC8A-CDA4-4E7C-86E4-6AA6A187CAAE}"
EndProject
Project("{8BC9CEB8-8B4A-11D0-8D11-00A0C91BC942}") = "旋转数组的最小数字", "旋转数组的最小数字\旋转数组的最小数字.vcxproj", "{1B53A6DE-06C9-485F-A394-615599A11745}"
EndProject
Project("{8BC9CEB8-8B4A-11D0-8D11-00A0C91BC942}") = "斐波那契数列", "斐波那契数列\斐波那契数列.vcxproj", "{B781ABDB-2F35-4432-A82B-F7187C77A9D7}"
EndProject
Project("{8BC9CEB8-8B4A-11D0-8D11-00A0C91BC942}") = "跳台阶", "跳台阶\跳台阶.vcxproj", "{ACEAFDCB-46C2-4DFE-8587-5C9636D595ED}"
EndProject
Project("{8BC9CEB8-8B4A-11D0-8D11-00A0C91BC942}") = "变态跳台阶", "变态跳台阶\变态跳台阶.vcxproj", "{C433354A-EF11-46AB-A4B1-DF0A72A9F005}"
EndProject
Project("{8BC9CEB8-8B4A-11D0-8D11-00A0C91BC942}") = "矩形覆盖", "矩形覆盖\矩形覆盖.vcxproj", "{7CCC196A-E6CC-44A9-AAB2-6579FBEEB8A1}"
EndProject
Project("{8BC9CEB8-8B4A-11D0-8D11-00A0C91BC942}") = "二进制中1的个数", "二进制中1的个数\二进制中1的个数.vcxproj", "{D042C371-38D8-441D-9448-DC597C7A88D0}"
EndProject
Project("{8BC9CEB8-8B4A-11D0-8D11-00A0C91BC942}") = "数值的整数次方", "数值的整数次方\数值的整数次方.vcxproj", "{EC41A032-6DBF-41DC-914D-EEB98628A1B6}"
EndProject
Project("{8BC9CEB8-8B4A-11D0-8D11-00A0C91BC942}") = "调整数组顺序使奇数位于偶数前面", "调整数组顺序使奇数位于偶数前面\调整数组顺序使奇数位于偶数前面.vcxproj", "{74A6734B-1C5B-4393-8D46-8F24067E1FB0}"
EndProject
Project("{8BC9CEB8-8B4A-11D0-8D11-00A0C91BC942}") = "链表中倒数第k个结点", "链表中倒数第k个结点\链表中倒数第k个结点.vcxproj", "{A7AC1429-2220-4E2F-9CC5-7C3DBA608069}"
EndProject
Project("{8BC9CEB8-8B4A-11D0-8D11-00A0C91BC942}") = "反转链表", "反转链表\反转链表.vcxproj", "{570129F2-A1F6-4E7C-899E-FDF3EB564C2F}"
EndProject
Project("{8BC9CEB8-8B4A-11D0-8D11-00A0C91BC942}") = "添加合并两个排序的链表", "添加合并两个排序的链表\添加合并两个排序的链表.vcxproj", "{3D9CE795-FD82-4FB6-8F5D-D4096F91CAA7}"
EndProject
Project("{8BC9CEB8-8B4A-11D0-8D11-00A0C91BC942}") = "树的子结构", "树的子结构\树的子结构.vcxproj", "{E34A13F1-5DD3-4FA6-9C75-7246C6E81F7A}"
EndProject
Project("{8BC9CEB8-8B4A-11D0-8D11-00A0C91BC942}") = "二叉树的镜像", "二叉树的镜像\二叉树的镜像.vcxproj", "{D8F5987F-EED3-4F89-AA80-6C6FBBBD409C}"
EndProject
Project("{8BC9CEB8-8B4A-11D0-8D11-00A0C91BC942}") = "顺时针打印矩阵", "顺时针打印矩阵\顺时针打印矩阵.vcxproj", "{54CBD32B-1F87-4C94-93AB-5A58E0818765}"
EndProject
Project("{8BC9CEB8-8B4A-11D0-8D11-00A0C91BC942}") = "包含min函数的栈", "包含min函数的栈\包含min函数的栈.vcxproj", "{FFE60DB6-C1F1-47A5-BAF5-3DF12105D2A7}"
EndProject
Project("{8BC9CEB8-8B4A-11D0-8D11-00A0C91BC942}") = "栈的压入、弹出序列", "栈的压入、弹出序列\栈的压入、弹出序列.vcxproj", "{F854B653-177F-42E2-AAE3-08B2411CDC24}"
EndProject
Project("{8BC9CEB8-8B4A-11D0-8D11-00A0C91BC942}") = "从上往下打印二叉树", "从上往下打印二叉树\从上往下打印二叉树.vcxproj", "{A848F244-4338-4DD1-9DBE-8818AB181BE1}"
EndProject
Project("{8BC9CEB8-8B4A-11D0-8D11-00A0C91BC942}") = "二叉搜索树的后续遍历序列", "二叉搜索树的后续遍历序列\二叉搜索树的后续遍历序列.vcxproj", "{5DD6F8C6-2438-4A3D-85E2-05047DB77FF0}"
EndProject
Project("{8BC9CEB8-8B4A-11D0-8D11-00A0C91BC942}") = "二叉树中和为某一值的路径", "二叉树中和为某一值的路径\二叉树中和为某一值的路径.vcxproj", "{492E1F37-C1A1-4B07-BE3F-6B42EE6BD2C3}"
EndProject
Project("{8BC9CEB8-8B4A-11D0-8D11-00A0C91BC942}") = "复杂链表的复制", "复杂链表的复制\复杂链表的复制.vcxproj", "{A0555708-9F44-4578-B334-475CC3B015F0}"
EndProject
Project("{8BC9CEB8-8B4A-11D0-8D11-00A0C91BC942}") = "二叉搜索树与双向链表", "二叉搜索树与双向链表\二叉搜索树与双向链表.vcxproj", "{436A2A76-18E3-406D-B7BE-2AC55856DB1E}"
EndProject
Project("{8BC9CEB8-8B4A-11D0-8D11-00A0C91BC942}") = "字符串的排列", "字符串的排列\字符串的排列.vcxproj", "{33F35AD0-9F4E-4AD0-88DB-F8DF890EE732}"
EndProject
Project("{8BC9CEB8-8B4A-11D0-8D11-00A0C91BC942}") = "数组中出现次数超过一半的数字", "数组中出现次数超过一半的数字\数组中出现次数超过一半的数字.vcxproj", "{2F63C1AB-15F3-4261-9ADF-6B8D05683CF2}"
EndProject
Project("{8BC9CEB8-8B4A-11D0-8D11-00A0C91BC942}") = "最小的K个数", "最小的K个数\最小的K个数.vcxproj", "{5F7FC166-349B-4C3D-9E2C-710DE6BA3837}"
EndProject
Project("{8BC9CEB8-8B4A-11D0-8D11-00A0C91BC942}") = "连续子数组的最大和", "连续子数组的最大和\连续子数组的最大和.vcxproj", "{FA5579D1-B251-4326-85E4-4D854BF59E4E}"
EndProject
Global
	GlobalSection(SolutionConfigurationPlatforms) = preSolution
		Debug|x64 = Debug|x64
		Debug|x86 = Debug|x86
		Release|x64 = Release|x64
		Release|x86 = Release|x86
	EndGlobalSection
	GlobalSection(ProjectConfigurationPlatforms) = postSolution
		{B06A352F-B76C-475C-AE39-97EEDA85F6B7}.Debug|x64.ActiveCfg = Debug|x64
		{B06A352F-B76C-475C-AE39-97EEDA85F6B7}.Debug|x64.Build.0 = Debug|x64
		{B06A352F-B76C-475C-AE39-97EEDA85F6B7}.Debug|x86.ActiveCfg = Debug|Win32
		{B06A352F-B76C-475C-AE39-97EEDA85F6B7}.Debug|x86.Build.0 = Debug|Win32
		{B06A352F-B76C-475C-AE39-97EEDA85F6B7}.Release|x64.ActiveCfg = Release|x64
		{B06A352F-B76C-475C-AE39-97EEDA85F6B7}.Release|x64.Build.0 = Release|x64
		{B06A352F-B76C-475C-AE39-97EEDA85F6B7}.Release|x86.ActiveCfg = Release|Win32
		{B06A352F-B76C-475C-AE39-97EEDA85F6B7}.Release|x86.Build.0 = Release|Win32
		{728C952C-A9BB-4CD6-AC3A-DCDC15A95654}.Debug|x64.ActiveCfg = Debug|x64
		{728C952C-A9BB-4CD6-AC3A-DCDC15A95654}.Debug|x64.Build.0 = Debug|x64
		{728C952C-A9BB-4CD6-AC3A-DCDC15A95654}.Debug|x86.ActiveCfg = Debug|Win32
		{728C952C-A9BB-4CD6-AC3A-DCDC15A95654}.Debug|x86.Build.0 = Debug|Win32
		{728C952C-A9BB-4CD6-AC3A-DCDC15A95654}.Release|x64.ActiveCfg = Release|x64
		{728C952C-A9BB-4CD6-AC3A-DCDC15A95654}.Release|x64.Build.0 = Release|x64
		{728C952C-A9BB-4CD6-AC3A-DCDC15A95654}.Release|x86.ActiveCfg = Release|Win32
		{728C952C-A9BB-4CD6-AC3A-DCDC15A95654}.Release|x86.Build.0 = Release|Win32
		{A3B14A5A-643F-44B6-ABD2-EFDC629D504B}.Debug|x64.ActiveCfg = Debug|x64
		{A3B14A5A-643F-44B6-ABD2-EFDC629D504B}.Debug|x64.Build.0 = Debug|x64
		{A3B14A5A-643F-44B6-ABD2-EFDC629D504B}.Debug|x86.ActiveCfg = Debug|Win32
		{A3B14A5A-643F-44B6-ABD2-EFDC629D504B}.Debug|x86.Build.0 = Debug|Win32
		{A3B14A5A-643F-44B6-ABD2-EFDC629D504B}.Release|x64.ActiveCfg = Release|x64
		{A3B14A5A-643F-44B6-ABD2-EFDC629D504B}.Release|x64.Build.0 = Release|x64
		{A3B14A5A-643F-44B6-ABD2-EFDC629D504B}.Release|x86.ActiveCfg = Release|Win32
		{A3B14A5A-643F-44B6-ABD2-EFDC629D504B}.Release|x86.Build.0 = Release|Win32
		{B30F6D67-1786-448C-B1BE-E647DA8C48BC}.Debug|x64.ActiveCfg = Debug|x64
		{B30F6D67-1786-448C-B1BE-E647DA8C48BC}.Debug|x64.Build.0 = Debug|x64
		{B30F6D67-1786-448C-B1BE-E647DA8C48BC}.Debug|x86.ActiveCfg = Debug|Win32
		{B30F6D67-1786-448C-B1BE-E647DA8C48BC}.Debug|x86.Build.0 = Debug|Win32
		{B30F6D67-1786-448C-B1BE-E647DA8C48BC}.Release|x64.ActiveCfg = Release|x64
		{B30F6D67-1786-448C-B1BE-E647DA8C48BC}.Release|x64.Build.0 = Release|x64
		{B30F6D67-1786-448C-B1BE-E647DA8C48BC}.Release|x86.ActiveCfg = Release|Win32
		{B30F6D67-1786-448C-B1BE-E647DA8C48BC}.Release|x86.Build.0 = Release|Win32
		{B3D8DC8A-CDA4-4E7C-86E4-6AA6A187CAAE}.Debug|x64.ActiveCfg = Debug|x64
		{B3D8DC8A-CDA4-4E7C-86E4-6AA6A187CAAE}.Debug|x64.Build.0 = Debug|x64
		{B3D8DC8A-CDA4-4E7C-86E4-6AA6A187CAAE}.Debug|x86.ActiveCfg = Debug|Win32
		{B3D8DC8A-CDA4-4E7C-86E4-6AA6A187CAAE}.Debug|x86.Build.0 = Debug|Win32
		{B3D8DC8A-CDA4-4E7C-86E4-6AA6A187CAAE}.Release|x64.ActiveCfg = Release|x64
		{B3D8DC8A-CDA4-4E7C-86E4-6AA6A187CAAE}.Release|x64.Build.0 = Release|x64
		{B3D8DC8A-CDA4-4E7C-86E4-6AA6A187CAAE}.Release|x86.ActiveCfg = Release|Win32
		{B3D8DC8A-CDA4-4E7C-86E4-6AA6A187CAAE}.Release|x86.Build.0 = Release|Win32
		{1B53A6DE-06C9-485F-A394-615599A11745}.Debug|x64.ActiveCfg = Debug|x64
		{1B53A6DE-06C9-485F-A394-615599A11745}.Debug|x64.Build.0 = Debug|x64
		{1B53A6DE-06C9-485F-A394-615599A11745}.Debug|x86.ActiveCfg = Debug|Win32
		{1B53A6DE-06C9-485F-A394-615599A11745}.Debug|x86.Build.0 = Debug|Win32
		{1B53A6DE-06C9-485F-A394-615599A11745}.Release|x64.ActiveCfg = Release|x64
		{1B53A6DE-06C9-485F-A394-615599A11745}.Release|x64.Build.0 = Release|x64
		{1B53A6DE-06C9-485F-A394-615599A11745}.Release|x86.ActiveCfg = Release|Win32
		{1B53A6DE-06C9-485F-A394-615599A11745}.Release|x86.Build.0 = Release|Win32
		{B781ABDB-2F35-4432-A82B-F7187C77A9D7}.Debug|x64.ActiveCfg = Debug|x64
		{B781ABDB-2F35-4432-A82B-F7187C77A9D7}.Debug|x64.Build.0 = Debug|x64
		{B781ABDB-2F35-4432-A82B-F7187C77A9D7}.Debug|x86.ActiveCfg = Debug|Win32
		{B781ABDB-2F35-4432-A82B-F7187C77A9D7}.Debug|x86.Build.0 = Debug|Win32
		{B781ABDB-2F35-4432-A82B-F7187C77A9D7}.Release|x64.ActiveCfg = Release|x64
		{B781ABDB-2F35-4432-A82B-F7187C77A9D7}.Release|x64.Build.0 = Release|x64
		{B781ABDB-2F35-4432-A82B-F7187C77A9D7}.Release|x86.ActiveCfg = Release|Win32
		{B781ABDB-2F35-4432-A82B-F7187C77A9D7}.Release|x86.Build.0 = Release|Win32
		{ACEAFDCB-46C2-4DFE-8587-5C9636D595ED}.Debug|x64.ActiveCfg = Debug|x64
		{ACEAFDCB-46C2-4DFE-8587-5C9636D595ED}.Debug|x64.Build.0 = Debug|x64
		{ACEAFDCB-46C2-4DFE-8587-5C9636D595ED}.Debug|x86.ActiveCfg = Debug|Win32
		{ACEAFDCB-46C2-4DFE-8587-5C9636D595ED}.Debug|x86.Build.0 = Debug|Win32
		{ACEAFDCB-46C2-4DFE-8587-5C9636D595ED}.Release|x64.ActiveCfg = Release|x64
		{ACEAFDCB-46C2-4DFE-8587-5C9636D595ED}.Release|x64.Build.0 = Release|x64
		{ACEAFDCB-46C2-4DFE-8587-5C9636D595ED}.Release|x86.ActiveCfg = Release|Win32
		{ACEAFDCB-46C2-4DFE-8587-5C9636D595ED}.Release|x86.Build.0 = Release|Win32
		{C433354A-EF11-46AB-A4B1-DF0A72A9F005}.Debug|x64.ActiveCfg = Debug|x64
		{C433354A-EF11-46AB-A4B1-DF0A72A9F005}.Debug|x64.Build.0 = Debug|x64
		{C433354A-EF11-46AB-A4B1-DF0A72A9F005}.Debug|x86.ActiveCfg = Debug|Win32
		{C433354A-EF11-46AB-A4B1-DF0A72A9F005}.Debug|x86.Build.0 = Debug|Win32
		{C433354A-EF11-46AB-A4B1-DF0A72A9F005}.Release|x64.ActiveCfg = Release|x64
		{C433354A-EF11-46AB-A4B1-DF0A72A9F005}.Release|x64.Build.0 = Release|x64
		{C433354A-EF11-46AB-A4B1-DF0A72A9F005}.Release|x86.ActiveCfg = Release|Win32
		{C433354A-EF11-46AB-A4B1-DF0A72A9F005}.Release|x86.Build.0 = Release|Win32
		{7CCC196A-E6CC-44A9-AAB2-6579FBEEB8A1}.Debug|x64.ActiveCfg = Debug|x64
		{7CCC196A-E6CC-44A9-AAB2-6579FBEEB8A1}.Debug|x64.Build.0 = Debug|x64
		{7CCC196A-E6CC-44A9-AAB2-6579FBEEB8A1}.Debug|x86.ActiveCfg = Debug|Win32
		{7CCC196A-E6CC-44A9-AAB2-6579FBEEB8A1}.Debug|x86.Build.0 = Debug|Win32
		{7CCC196A-E6CC-44A9-AAB2-6579FBEEB8A1}.Release|x64.ActiveCfg = Release|x64
		{7CCC196A-E6CC-44A9-AAB2-6579FBEEB8A1}.Release|x64.Build.0 = Release|x64
		{7CCC196A-E6CC-44A9-AAB2-6579FBEEB8A1}.Release|x86.ActiveCfg = Release|Win32
		{7CCC196A-E6CC-44A9-AAB2-6579FBEEB8A1}.Release|x86.Build.0 = Release|Win32
		{D042C371-38D8-441D-9448-DC597C7A88D0}.Debug|x64.ActiveCfg = Debug|x64
		{D042C371-38D8-441D-9448-DC597C7A88D0}.Debug|x64.Build.0 = Debug|x64
		{D042C371-38D8-441D-9448-DC597C7A88D0}.Debug|x86.ActiveCfg = Debug|Win32
		{D042C371-38D8-441D-9448-DC597C7A88D0}.Debug|x86.Build.0 = Debug|Win32
		{D042C371-38D8-441D-9448-DC597C7A88D0}.Release|x64.ActiveCfg = Release|x64
		{D042C371-38D8-441D-9448-DC597C7A88D0}.Release|x64.Build.0 = Release|x64
		{D042C371-38D8-441D-9448-DC597C7A88D0}.Release|x86.ActiveCfg = Release|Win32
		{D042C371-38D8-441D-9448-DC597C7A88D0}.Release|x86.Build.0 = Release|Win32
		{EC41A032-6DBF-41DC-914D-EEB98628A1B6}.Debug|x64.ActiveCfg = Debug|x64
		{EC41A032-6DBF-41DC-914D-EEB98628A1B6}.Debug|x64.Build.0 = Debug|x64
		{EC41A032-6DBF-41DC-914D-EEB98628A1B6}.Debug|x86.ActiveCfg = Debug|Win32
		{EC41A032-6DBF-41DC-914D-EEB98628A1B6}.Debug|x86.Build.0 = Debug|Win32
		{EC41A032-6DBF-41DC-914D-EEB98628A1B6}.Release|x64.ActiveCfg = Release|x64
		{EC41A032-6DBF-41DC-914D-EEB98628A1B6}.Release|x64.Build.0 = Release|x64
		{EC41A032-6DBF-41DC-914D-EEB98628A1B6}.Release|x86.ActiveCfg = Release|Win32
		{EC41A032-6DBF-41DC-914D-EEB98628A1B6}.Release|x86.Build.0 = Release|Win32
		{74A6734B-1C5B-4393-8D46-8F24067E1FB0}.Debug|x64.ActiveCfg = Debug|x64
		{74A6734B-1C5B-4393-8D46-8F24067E1FB0}.Debug|x64.Build.0 = Debug|x64
		{74A6734B-1C5B-4393-8D46-8F24067E1FB0}.Debug|x86.ActiveCfg = Debug|Win32
		{74A6734B-1C5B-4393-8D46-8F24067E1FB0}.Debug|x86.Build.0 = Debug|Win32
		{74A6734B-1C5B-4393-8D46-8F24067E1FB0}.Release|x64.ActiveCfg = Release|x64
		{74A6734B-1C5B-4393-8D46-8F24067E1FB0}.Release|x64.Build.0 = Release|x64
		{74A6734B-1C5B-4393-8D46-8F24067E1FB0}.Release|x86.ActiveCfg = Release|Win32
		{74A6734B-1C5B-4393-8D46-8F24067E1FB0}.Release|x86.Build.0 = Release|Win32
		{A7AC1429-2220-4E2F-9CC5-7C3DBA608069}.Debug|x64.ActiveCfg = Debug|x64
		{A7AC1429-2220-4E2F-9CC5-7C3DBA608069}.Debug|x64.Build.0 = Debug|x64
		{A7AC1429-2220-4E2F-9CC5-7C3DBA608069}.Debug|x86.ActiveCfg = Debug|Win32
		{A7AC1429-2220-4E2F-9CC5-7C3DBA608069}.Debug|x86.Build.0 = Debug|Win32
		{A7AC1429-2220-4E2F-9CC5-7C3DBA608069}.Release|x64.ActiveCfg = Release|x64
		{A7AC1429-2220-4E2F-9CC5-7C3DBA608069}.Release|x64.Build.0 = Release|x64
		{A7AC1429-2220-4E2F-9CC5-7C3DBA608069}.Release|x86.ActiveCfg = Release|Win32
		{A7AC1429-2220-4E2F-9CC5-7C3DBA608069}.Release|x86.Build.0 = Release|Win32
		{570129F2-A1F6-4E7C-899E-FDF3EB564C2F}.Debug|x64.ActiveCfg = Debug|x64
		{570129F2-A1F6-4E7C-899E-FDF3EB564C2F}.Debug|x64.Build.0 = Debug|x64
		{570129F2-A1F6-4E7C-899E-FDF3EB564C2F}.Debug|x86.ActiveCfg = Debug|Win32
		{570129F2-A1F6-4E7C-899E-FDF3EB564C2F}.Debug|x86.Build.0 = Debug|Win32
		{570129F2-A1F6-4E7C-899E-FDF3EB564C2F}.Release|x64.ActiveCfg = Release|x64
		{570129F2-A1F6-4E7C-899E-FDF3EB564C2F}.Release|x64.Build.0 = Release|x64
		{570129F2-A1F6-4E7C-899E-FDF3EB564C2F}.Release|x86.ActiveCfg = Release|Win32
		{570129F2-A1F6-4E7C-899E-FDF3EB564C2F}.Release|x86.Build.0 = Release|Win32
		{3D9CE795-FD82-4FB6-8F5D-D4096F91CAA7}.Debug|x64.ActiveCfg = Debug|x64
		{3D9CE795-FD82-4FB6-8F5D-D4096F91CAA7}.Debug|x64.Build.0 = Debug|x64
		{3D9CE795-FD82-4FB6-8F5D-D4096F91CAA7}.Debug|x86.ActiveCfg = Debug|Win32
		{3D9CE795-FD82-4FB6-8F5D-D4096F91CAA7}.Debug|x86.Build.0 = Debug|Win32
		{3D9CE795-FD82-4FB6-8F5D-D4096F91CAA7}.Release|x64.ActiveCfg = Release|x64
		{3D9CE795-FD82-4FB6-8F5D-D4096F91CAA7}.Release|x64.Build.0 = Release|x64
		{3D9CE795-FD82-4FB6-8F5D-D4096F91CAA7}.Release|x86.ActiveCfg = Release|Win32
		{3D9CE795-FD82-4FB6-8F5D-D4096F91CAA7}.Release|x86.Build.0 = Release|Win32
		{E34A13F1-5DD3-4FA6-9C75-7246C6E81F7A}.Debug|x64.ActiveCfg = Debug|x64
		{E34A13F1-5DD3-4FA6-9C75-7246C6E81F7A}.Debug|x64.Build.0 = Debug|x64
		{E34A13F1-5DD3-4FA6-9C75-7246C6E81F7A}.Debug|x86.ActiveCfg = Debug|Win32
		{E34A13F1-5DD3-4FA6-9C75-7246C6E81F7A}.Debug|x86.Build.0 = Debug|Win32
		{E34A13F1-5DD3-4FA6-9C75-7246C6E81F7A}.Release|x64.ActiveCfg = Release|x64
		{E34A13F1-5DD3-4FA6-9C75-7246C6E81F7A}.Release|x64.Build.0 = Release|x64
		{E34A13F1-5DD3-4FA6-9C75-7246C6E81F7A}.Release|x86.ActiveCfg = Release|Win32
		{E34A13F1-5DD3-4FA6-9C75-7246C6E81F7A}.Release|x86.Build.0 = Release|Win32
		{D8F5987F-EED3-4F89-AA80-6C6FBBBD409C}.Debug|x64.ActiveCfg = Debug|x64
		{D8F5987F-EED3-4F89-AA80-6C6FBBBD409C}.Debug|x64.Build.0 = Debug|x64
		{D8F5987F-EED3-4F89-AA80-6C6FBBBD409C}.Debug|x86.ActiveCfg = Debug|Win32
		{D8F5987F-EED3-4F89-AA80-6C6FBBBD409C}.Debug|x86.Build.0 = Debug|Win32
		{D8F5987F-EED3-4F89-AA80-6C6FBBBD409C}.Release|x64.ActiveCfg = Release|x64
		{D8F5987F-EED3-4F89-AA80-6C6FBBBD409C}.Release|x64.Build.0 = Release|x64
		{D8F5987F-EED3-4F89-AA80-6C6FBBBD409C}.Release|x86.ActiveCfg = Release|Win32
		{D8F5987F-EED3-4F89-AA80-6C6FBBBD409C}.Release|x86.Build.0 = Release|Win32
		{54CBD32B-1F87-4C94-93AB-5A58E0818765}.Debug|x64.ActiveCfg = Debug|x64
		{54CBD32B-1F87-4C94-93AB-5A58E0818765}.Debug|x64.Build.0 = Debug|x64
		{54CBD32B-1F87-4C94-93AB-5A58E0818765}.Debug|x86.ActiveCfg = Debug|Win32
		{54CBD32B-1F87-4C94-93AB-5A58E0818765}.Debug|x86.Build.0 = Debug|Win32
		{54CBD32B-1F87-4C94-93AB-5A58E0818765}.Release|x64.ActiveCfg = Release|x64
		{54CBD32B-1F87-4C94-93AB-5A58E0818765}.Release|x64.Build.0 = Release|x64
		{54CBD32B-1F87-4C94-93AB-5A58E0818765}.Release|x86.ActiveCfg = Release|Win32
		{54CBD32B-1F87-4C94-93AB-5A58E0818765}.Release|x86.Build.0 = Release|Win32
		{FFE60DB6-C1F1-47A5-BAF5-3DF12105D2A7}.Debug|x64.ActiveCfg = Debug|x64
		{FFE60DB6-C1F1-47A5-BAF5-3DF12105D2A7}.Debug|x64.Build.0 = Debug|x64
		{FFE60DB6-C1F1-47A5-BAF5-3DF12105D2A7}.Debug|x86.ActiveCfg = Debug|Win32
		{FFE60DB6-C1F1-47A5-BAF5-3DF12105D2A7}.Debug|x86.Build.0 = Debug|Win32
		{FFE60DB6-C1F1-47A5-BAF5-3DF12105D2A7}.Release|x64.ActiveCfg = Release|x64
		{FFE60DB6-C1F1-47A5-BAF5-3DF12105D2A7}.Release|x64.Build.0 = Release|x64
		{FFE60DB6-C1F1-47A5-BAF5-3DF12105D2A7}.Release|x86.ActiveCfg = Release|Win32
		{FFE60DB6-C1F1-47A5-BAF5-3DF12105D2A7}.Release|x86.Build.0 = Release|Win32
		{F854B653-177F-42E2-AAE3-08B2411CDC24}.Debug|x64.ActiveCfg = Debug|x64
		{F854B653-177F-42E2-AAE3-08B2411CDC24}.Debug|x64.Build.0 = Debug|x64
		{F854B653-177F-42E2-AAE3-08B2411CDC24}.Debug|x86.ActiveCfg = Debug|Win32
		{F854B653-177F-42E2-AAE3-08B2411CDC24}.Debug|x86.Build.0 = Debug|Win32
		{F854B653-177F-42E2-AAE3-08B2411CDC24}.Release|x64.ActiveCfg = Release|x64
		{F854B653-177F-42E2-AAE3-08B2411CDC24}.Release|x64.Build.0 = Release|x64
		{F854B653-177F-42E2-AAE3-08B2411CDC24}.Release|x86.ActiveCfg = Release|Win32
		{F854B653-177F-42E2-AAE3-08B2411CDC24}.Release|x86.Build.0 = Release|Win32
		{A848F244-4338-4DD1-9DBE-8818AB181BE1}.Debug|x64.ActiveCfg = Debug|x64
		{A848F244-4338-4DD1-9DBE-8818AB181BE1}.Debug|x64.Build.0 = Debug|x64
		{A848F244-4338-4DD1-9DBE-8818AB181BE1}.Debug|x86.ActiveCfg = Debug|Win32
		{A848F244-4338-4DD1-9DBE-8818AB181BE1}.Debug|x86.Build.0 = Debug|Win32
		{A848F244-4338-4DD1-9DBE-8818AB181BE1}.Release|x64.ActiveCfg = Release|x64
		{A848F244-4338-4DD1-9DBE-8818AB181BE1}.Release|x64.Build.0 = Release|x64
		{A848F244-4338-4DD1-9DBE-8818AB181BE1}.Release|x86.ActiveCfg = Release|Win32
		{A848F244-4338-4DD1-9DBE-8818AB181BE1}.Release|x86.Build.0 = Release|Win32
		{5DD6F8C6-2438-4A3D-85E2-05047DB77FF0}.Debug|x64.ActiveCfg = Debug|x64
		{5DD6F8C6-2438-4A3D-85E2-05047DB77FF0}.Debug|x64.Build.0 = Debug|x64
		{5DD6F8C6-2438-4A3D-85E2-05047DB77FF0}.Debug|x86.ActiveCfg = Debug|Win32
		{5DD6F8C6-2438-4A3D-85E2-05047DB77FF0}.Debug|x86.Build.0 = Debug|Win32
		{5DD6F8C6-2438-4A3D-85E2-05047DB77FF0}.Release|x64.ActiveCfg = Release|x64
		{5DD6F8C6-2438-4A3D-85E2-05047DB77FF0}.Release|x64.Build.0 = Release|x64
		{5DD6F8C6-2438-4A3D-85E2-05047DB77FF0}.Release|x86.ActiveCfg = Release|Win32
		{5DD6F8C6-2438-4A3D-85E2-05047DB77FF0}.Release|x86.Build.0 = Release|Win32
		{492E1F37-C1A1-4B07-BE3F-6B42EE6BD2C3}.Debug|x64.ActiveCfg = Debug|x64
		{492E1F37-C1A1-4B07-BE3F-6B42EE6BD2C3}.Debug|x64.Build.0 = Debug|x64
		{492E1F37-C1A1-4B07-BE3F-6B42EE6BD2C3}.Debug|x86.ActiveCfg = Debug|Win32
		{492E1F37-C1A1-4B07-BE3F-6B42EE6BD2C3}.Debug|x86.Build.0 = Debug|Win32
		{492E1F37-C1A1-4B07-BE3F-6B42EE6BD2C3}.Release|x64.ActiveCfg = Release|x64
		{492E1F37-C1A1-4B07-BE3F-6B42EE6BD2C3}.Release|x64.Build.0 = Release|x64
		{492E1F37-C1A1-4B07-BE3F-6B42EE6BD2C3}.Release|x86.ActiveCfg = Release|Win32
		{492E1F37-C1A1-4B07-BE3F-6B42EE6BD2C3}.Release|x86.Build.0 = Release|Win32
		{A0555708-9F44-4578-B334-475CC3B015F0}.Debug|x64.ActiveCfg = Debug|x64
		{A0555708-9F44-4578-B334-475CC3B015F0}.Debug|x64.Build.0 = Debug|x64
		{A0555708-9F44-4578-B334-475CC3B015F0}.Debug|x86.ActiveCfg = Debug|Win32
		{A0555708-9F44-4578-B334-475CC3B015F0}.Debug|x86.Build.0 = Debug|Win32
		{A0555708-9F44-4578-B334-475CC3B015F0}.Release|x64.ActiveCfg = Release|x64
		{A0555708-9F44-4578-B334-475CC3B015F0}.Release|x64.Build.0 = Release|x64
		{A0555708-9F44-4578-B334-475CC3B015F0}.Release|x86.ActiveCfg = Release|Win32
		{A0555708-9F44-4578-B334-475CC3B015F0}.Release|x86.Build.0 = Release|Win32
		{436A2A76-18E3-406D-B7BE-2AC55856DB1E}.Debug|x64.ActiveCfg = Debug|x64
		{436A2A76-18E3-406D-B7BE-2AC55856DB1E}.Debug|x64.Build.0 = Debug|x64
		{436A2A76-18E3-406D-B7BE-2AC55856DB1E}.Debug|x86.ActiveCfg = Debug|Win32
		{436A2A76-18E3-406D-B7BE-2AC55856DB1E}.Debug|x86.Build.0 = Debug|Win32
		{436A2A76-18E3-406D-B7BE-2AC55856DB1E}.Release|x64.ActiveCfg = Release|x64
		{436A2A76-18E3-406D-B7BE-2AC55856DB1E}.Release|x64.Build.0 = Release|x64
		{436A2A76-18E3-406D-B7BE-2AC55856DB1E}.Release|x86.ActiveCfg = Release|Win32
		{436A2A76-18E3-406D-B7BE-2AC55856DB1E}.Release|x86.Build.0 = Release|Win32
		{33F35AD0-9F4E-4AD0-88DB-F8DF890EE732}.Debug|x64.ActiveCfg = Debug|x64
		{33F35AD0-9F4E-4AD0-88DB-F8DF890EE732}.Debug|x64.Build.0 = Debug|x64
		{33F35AD0-9F4E-4AD0-88DB-F8DF890EE732}.Debug|x86.ActiveCfg = Debug|Win32
		{33F35AD0-9F4E-4AD0-88DB-F8DF890EE732}.Debug|x86.Build.0 = Debug|Win32
		{33F35AD0-9F4E-4AD0-88DB-F8DF890EE732}.Release|x64.ActiveCfg = Release|x64
		{33F35AD0-9F4E-4AD0-88DB-F8DF890EE732}.Release|x64.Build.0 = Release|x64
		{33F35AD0-9F4E-4AD0-88DB-F8DF890EE732}.Release|x86.ActiveCfg = Release|Win32
		{33F35AD0-9F4E-4AD0-88DB-F8DF890EE732}.Release|x86.Build.0 = Release|Win32
		{2F63C1AB-15F3-4261-9ADF-6B8D05683CF2}.Debug|x64.ActiveCfg = Debug|x64
		{2F63C1AB-15F3-4261-9ADF-6B8D05683CF2}.Debug|x64.Build.0 = Debug|x64
		{2F63C1AB-15F3-4261-9ADF-6B8D05683CF2}.Debug|x86.ActiveCfg = Debug|Win32
		{2F63C1AB-15F3-4261-9ADF-6B8D05683CF2}.Debug|x86.Build.0 = Debug|Win32
		{2F63C1AB-15F3-4261-9ADF-6B8D05683CF2}.Release|x64.ActiveCfg = Release|x64
		{2F63C1AB-15F3-4261-9ADF-6B8D05683CF2}.Release|x64.Build.0 = Release|x64
		{2F63C1AB-15F3-4261-9ADF-6B8D05683CF2}.Release|x86.ActiveCfg = Release|Win32
		{2F63C1AB-15F3-4261-9ADF-6B8D05683CF2}.Release|x86.Build.0 = Release|Win32
		{5F7FC166-349B-4C3D-9E2C-710DE6BA3837}.Debug|x64.ActiveCfg = Debug|x64
		{5F7FC166-349B-4C3D-9E2C-710DE6BA3837}.Debug|x64.Build.0 = Debug|x64
		{5F7FC166-349B-4C3D-9E2C-710DE6BA3837}.Debug|x86.ActiveCfg = Debug|Win32
		{5F7FC166-349B-4C3D-9E2C-710DE6BA3837}.Debug|x86.Build.0 = Debug|Win32
		{5F7FC166-349B-4C3D-9E2C-710DE6BA3837}.Release|x64.ActiveCfg = Release|x64
		{5F7FC166-349B-4C3D-9E2C-710DE6BA3837}.Release|x64.Build.0 = Release|x64
		{5F7FC166-349B-4C3D-9E2C-710DE6BA3837}.Release|x86.ActiveCfg = Release|Win32
		{5F7FC166-349B-4C3D-9E2C-710DE6BA3837}.Release|x86.Build.0 = Release|Win32
		{FA5579D1-B251-4326-85E4-4D854BF59E4E}.Debug|x64.ActiveCfg = Debug|x64
		{FA5579D1-B251-4326-85E4-4D854BF59E4E}.Debug|x64.Build.0 = Debug|x64
		{FA5579D1-B251-4326-85E4-4D854BF59E4E}.Debug|x86.ActiveCfg = Debug|Win32
		{FA5579D1-B251-4326-85E4-4D854BF59E4E}.Debug|x86.Build.0 = Debug|Win32
		{FA5579D1-B251-4326-85E4-4D854BF59E4E}.Release|x64.ActiveCfg = Release|x64
		{FA5579D1-B251-4326-85E4-4D854BF59E4E}.Release|x64.Build.0 = Release|x64
		{FA5579D1-B251-4326-85E4-4D854BF59E4E}.Release|x86.ActiveCfg = Release|Win32
		{FA5579D1-B251-4326-85E4-4D854BF59E4E}.Release|x86.Build.0 = Release|Win32
	EndGlobalSection
	GlobalSection(SolutionProperties) = preSolution
		HideSolutionNode = FALSE
	EndGlobalSection
	GlobalSection(ExtensibilityGlobals) = postSolution
		SolutionGuid = {35269171-0159-4679-A4D3-576516431D00}
	EndGlobalSection
EndGlobal
