
Microsoft Visual Studio Solution File, Format Version 12.00
# Visual Studio 14
VisualStudioVersion = 14.0.25420.1
MinimumVisualStudioVersion = 10.0.40219.1
Project("{8BC9CEB8-8B4A-11D0-8D11-00A0C91BC942}") = "爬楼梯", "leetcode\leetcode.vcxproj", "{667D4279-6B4D-4EBF-8AD2-0854D97C281C}"
EndProject
Project("{8BC9CEB8-8B4A-11D0-8D11-00A0C91BC942}") = "买卖股票的最佳时机", "买卖股票的最佳时机\买卖股票的最佳时机.vcxproj", "{03CCA724-0FDB-4C32-8AB0-B669B617DD94}"
EndProject
Project("{8BC9CEB8-8B4A-11D0-8D11-00A0C91BC942}") = "连续子数组", "连续子数组\连续子数组.vcxproj", "{EA339F2D-BD30-4F23-AFDC-3A6081389910}"
EndProject
Project("{8BC9CEB8-8B4A-11D0-8D11-00A0C91BC942}") = "打家劫舍", "打家劫舍\打家劫舍.vcxproj", "{86623208-3EB8-441F-8BA1-DF6B4151996D}"
EndProject
Project("{8BC9CEB8-8B4A-11D0-8D11-00A0C91BC942}") = "跳跃游戏", "跳跃游戏\跳跃游戏.vcxproj", "{2B2DAD89-BE05-4F30-8040-1CE828C6F119}"
EndProject
Project("{8BC9CEB8-8B4A-11D0-8D11-00A0C91BC942}") = "不同路径", "不同路径\不同路径.vcxproj", "{E0A23D3F-8046-4FE5-9933-79F64A13C872}"
EndProject
Project("{8BC9CEB8-8B4A-11D0-8D11-00A0C91BC942}") = "零钱兑换", "零钱兑换\零钱兑换.vcxproj", "{DB21F33A-64BA-4DFC-8FE3-40BED9CEC404}"
EndProject
Project("{8BC9CEB8-8B4A-11D0-8D11-00A0C91BC942}") = "最长上升子序列", "最长上升子序列\最长上升子序列.vcxproj", "{508A9128-5BAA-40B7-8F3B-1CECC79F8A69}"
EndProject
Project("{8BC9CEB8-8B4A-11D0-8D11-00A0C91BC942}") = "至少有k个重复字符的最长字串", "至少有k个重复字符的最长字串\至少有k个重复字符的最长字串.vcxproj", "{04E25019-DD49-4B5A-A081-8F2424F49790}"
EndProject
Project("{8BC9CEB8-8B4A-11D0-8D11-00A0C91BC942}") = "二叉树中的最大路径和", "二叉树中的最大路径和\二叉树中的最大路径和.vcxproj", "{CD3C091E-4482-41C6-8FF0-F0C20D00E722}"
EndProject
Project("{8BC9CEB8-8B4A-11D0-8D11-00A0C91BC942}") = "最长连续序列", "最长连续序列\最长连续序列.vcxproj", "{9AF8598A-FC82-4A94-8F4C-3C6096D0AC06}"
EndProject
Project("{8BC9CEB8-8B4A-11D0-8D11-00A0C91BC942}") = "完全平方数", "完全平方数\完全平方数.vcxproj", "{65A48A8E-5CE4-4243-B379-3C6C72CC8225}"
EndProject
Project("{8BC9CEB8-8B4A-11D0-8D11-00A0C91BC942}") = "矩阵中的最长递增路径", "矩阵中的最长递增路径\矩阵中的最长递增路径.vcxproj", "{494ABDEA-7026-4F0B-8F75-9358EAE47A35}"
EndProject
Project("{8BC9CEB8-8B4A-11D0-8D11-00A0C91BC942}") = "买卖股票的最佳时机2", "买卖股票的最佳时机2\买卖股票的最佳时机2.vcxproj", "{56A978D6-6EE4-442F-9BFE-709B03E3FCEE}"
EndProject
Project("{8BC9CEB8-8B4A-11D0-8D11-00A0C91BC942}") = "子集", "子集\子集.vcxproj", "{818A0A17-6693-4140-8C5C-CD2D49A2BED5}"
EndProject
Project("{8BC9CEB8-8B4A-11D0-8D11-00A0C91BC942}") = "LRU缓存机制", "LRU缓存机制\LRU缓存机制.vcxproj", "{C777B337-94DF-4A41-A0A0-09DC62065F93}"
EndProject
Project("{8BC9CEB8-8B4A-11D0-8D11-00A0C91BC942}") = "最小栈", "最小栈\最小栈.vcxproj", "{3094A235-F685-4CF3-A792-8C88DA855012}"
EndProject
Project("{8BC9CEB8-8B4A-11D0-8D11-00A0C91BC942}") = "数组中的第k个最大元素", "数组中的第k个最大元素\数组中的第k个最大元素.vcxproj", "{AA951171-6237-4195-B190-845C6FDCE13F}"
EndProject
Project("{8BC9CEB8-8B4A-11D0-8D11-00A0C91BC942}") = "排序链表", "排序链表\排序链表.vcxproj", "{A7505DAD-9D77-4A4E-ACB9-CC88AE1468C4}"
EndProject
Project("{8BC9CEB8-8B4A-11D0-8D11-00A0C91BC942}") = "搜索旋转排序数组", "搜索旋转排序数组\搜索旋转排序数组.vcxproj", "{F55EEDA6-60A1-4CF6-BF05-CFBA17AA3F09}"
EndProject
Project("{8BC9CEB8-8B4A-11D0-8D11-00A0C91BC942}") = "二叉搜索树中的第K小的元素", "二叉搜索树中的第K小的元素\二叉搜索树中的第K小的元素.vcxproj", "{AA03C311-5456-464E-89D3-C18010D5DA82}"
EndProject
Project("{8BC9CEB8-8B4A-11D0-8D11-00A0C91BC942}") = "二叉树的深度", "二叉树的深度\二叉树的深度.vcxproj", "{8027FE19-B862-4224-87E5-33C0685B4380}"
EndProject
Project("{8BC9CEB8-8B4A-11D0-8D11-00A0C91BC942}") = "二叉搜索树的最近公共祖先", "二叉搜索树的最近公共祖先\二叉搜索树的最近公共祖先.vcxproj", "{B951BEB5-AF74-475C-9698-217145F45CBB}"
EndProject
Project("{8BC9CEB8-8B4A-11D0-8D11-00A0C91BC942}") = "二叉树的最近公共祖先", "二叉树的最近公共祖先\二叉树的最近公共祖先.vcxproj", "{5822647D-3F52-4B6E-AFDD-580E38F6F0A1}"
EndProject
Project("{8BC9CEB8-8B4A-11D0-8D11-00A0C91BC942}") = "两数之和", "两数之和\两数之和.vcxproj", "{35F8B5D8-F737-4EA5-92EC-5BAD0E397A09}"
EndProject
Project("{8BC9CEB8-8B4A-11D0-8D11-00A0C91BC942}") = "寻找两个正序数组的中位数", "寻找两个正序数组的中位数\寻找两个正序数组的中位数.vcxproj", "{C736B984-6AB2-42CA-9E06-31F3815F02C0}"
EndProject
Project("{8BC9CEB8-8B4A-11D0-8D11-00A0C91BC942}") = "最长回文子串", "最长回文子串\最长回文子串.vcxproj", "{84195805-F1A2-4BB4-9464-2525FA40075D}"
EndProject
Project("{8BC9CEB8-8B4A-11D0-8D11-00A0C91BC942}") = "字符串转换整数", "字符串转换整数\字符串转换整数.vcxproj", "{7722BCF8-2B12-4C6E-B106-3333F0995652}"
EndProject
Project("{8BC9CEB8-8B4A-11D0-8D11-00A0C91BC942}") = "最长公共前缀", "最长公共前缀\最长公共前缀.vcxproj", "{04527CC9-79FB-457F-9FB7-D34D995484B5}"
EndProject
Project("{8BC9CEB8-8B4A-11D0-8D11-00A0C91BC942}") = "三数之和", "三数之和\三数之和.vcxproj", "{B331E48F-301E-4429-9B2A-EA4AD501B1F6}"
EndProject
Project("{8BC9CEB8-8B4A-11D0-8D11-00A0C91BC942}") = "最接近的三数之和", "最接近的三数之和\最接近的三数之和.vcxproj", "{4AD55611-D586-4F8B-B064-3082151FC375}"
EndProject
Project("{8BC9CEB8-8B4A-11D0-8D11-00A0C91BC942}") = "盛最多水的容器", "盛最多水的容器\盛最多水的容器.vcxproj", "{132987A9-3962-4836-AA79-611542090B41}"
EndProject
Project("{8BC9CEB8-8B4A-11D0-8D11-00A0C91BC942}") = "反转字符串", "反转字符串\反转字符串.vcxproj", "{D91D6446-C993-4A5F-848D-0852844F16FD}"
EndProject
Project("{8BC9CEB8-8B4A-11D0-8D11-00A0C91BC942}") = "反转字符串中的单词III", "反转字符串中的单词III\反转字符串中的单词III.vcxproj", "{1D18F443-9528-4CAC-B64E-3BCEC55ED5BB}"
EndProject
Project("{8BC9CEB8-8B4A-11D0-8D11-00A0C91BC942}") = "存在重复元素", "存在重复元素\存在重复元素.vcxproj", "{E1AC2F17-4A10-40BC-A9DE-E40CAFFA8E20}"
EndProject
Project("{8BC9CEB8-8B4A-11D0-8D11-00A0C91BC942}") = "合并两个有序数组", "合并两个有序数组\合并两个有序数组.vcxproj", "{E3A55D8A-8CAE-44E5-9925-3D7AA13320D1}"
EndProject
Project("{8BC9CEB8-8B4A-11D0-8D11-00A0C91BC942}") = "有效的括号", "有效的括号\有效的括号.vcxproj", "{0102E33F-C447-4681-9955-37B488423AE5}"
EndProject
Project("{8BC9CEB8-8B4A-11D0-8D11-00A0C91BC942}") = "除自身以外数组的乘积", "除自身以外数组的乘积\除自身以外数组的乘积.vcxproj", "{ED92E231-B6AE-4898-847C-3992AF0E540C}"
EndProject
Project("{8BC9CEB8-8B4A-11D0-8D11-00A0C91BC942}") = "删除排序数组中的重复项", "删除排序数组中的重复项\删除排序数组中的重复项.vcxproj", "{A218714E-F24C-44B4-9D41-54628B58A5B7}"
EndProject
Project("{8BC9CEB8-8B4A-11D0-8D11-00A0C91BC942}") = "反转链表", "反转链表\反转链表.vcxproj", "{1B14E3A9-228F-4B17-8AF4-534D9903D7F7}"
EndProject
Project("{8BC9CEB8-8B4A-11D0-8D11-00A0C91BC942}") = "两数相加", "两数相加\两数相加.vcxproj", "{4534377B-2AC6-4E30-9B46-85C75034F41D}"
EndProject
Project("{8BC9CEB8-8B4A-11D0-8D11-00A0C91BC942}") = "合并K个排序链表", "合并K个排序链表\合并K个排序链表.vcxproj", "{61E3E3C5-DBD2-43D6-B719-D1A5640511C1}"
EndProject
Project("{8BC9CEB8-8B4A-11D0-8D11-00A0C91BC942}") = "旋转链表", "旋转链表\旋转链表.vcxproj", "{8744C4B0-2987-4311-A5FB-6B40174CA16B}"
EndProject
Project("{8BC9CEB8-8B4A-11D0-8D11-00A0C91BC942}") = "环形链表", "环形链表\环形链表.vcxproj", "{F008B504-C973-411E-BB62-36D0F0A5A638}"
EndProject
Project("{8BC9CEB8-8B4A-11D0-8D11-00A0C91BC942}") = "环形链表II", "环形链表II\环形链表II.vcxproj", "{5B23DFBC-7260-425C-87C1-54A132082C18}"
EndProject
Project("{8BC9CEB8-8B4A-11D0-8D11-00A0C91BC942}") = "删除链表中的节点", "删除链表中的节点\删除链表中的节点.vcxproj", "{5367F4ED-EA9A-49CE-B9BC-7E307147DC16}"
EndProject
Global
	GlobalSection(SolutionConfigurationPlatforms) = preSolution
		Debug|x64 = Debug|x64
		Debug|x86 = Debug|x86
		Release|x64 = Release|x64
		Release|x86 = Release|x86
	EndGlobalSection
	GlobalSection(ProjectConfigurationPlatforms) = postSolution
		{667D4279-6B4D-4EBF-8AD2-0854D97C281C}.Debug|x64.ActiveCfg = Debug|x64
		{667D4279-6B4D-4EBF-8AD2-0854D97C281C}.Debug|x64.Build.0 = Debug|x64
		{667D4279-6B4D-4EBF-8AD2-0854D97C281C}.Debug|x86.ActiveCfg = Debug|Win32
		{667D4279-6B4D-4EBF-8AD2-0854D97C281C}.Debug|x86.Build.0 = Debug|Win32
		{667D4279-6B4D-4EBF-8AD2-0854D97C281C}.Release|x64.ActiveCfg = Release|x64
		{667D4279-6B4D-4EBF-8AD2-0854D97C281C}.Release|x64.Build.0 = Release|x64
		{667D4279-6B4D-4EBF-8AD2-0854D97C281C}.Release|x86.ActiveCfg = Release|Win32
		{667D4279-6B4D-4EBF-8AD2-0854D97C281C}.Release|x86.Build.0 = Release|Win32
		{03CCA724-0FDB-4C32-8AB0-B669B617DD94}.Debug|x64.ActiveCfg = Debug|x64
		{03CCA724-0FDB-4C32-8AB0-B669B617DD94}.Debug|x64.Build.0 = Debug|x64
		{03CCA724-0FDB-4C32-8AB0-B669B617DD94}.Debug|x86.ActiveCfg = Debug|Win32
		{03CCA724-0FDB-4C32-8AB0-B669B617DD94}.Debug|x86.Build.0 = Debug|Win32
		{03CCA724-0FDB-4C32-8AB0-B669B617DD94}.Release|x64.ActiveCfg = Release|x64
		{03CCA724-0FDB-4C32-8AB0-B669B617DD94}.Release|x64.Build.0 = Release|x64
		{03CCA724-0FDB-4C32-8AB0-B669B617DD94}.Release|x86.ActiveCfg = Release|Win32
		{03CCA724-0FDB-4C32-8AB0-B669B617DD94}.Release|x86.Build.0 = Release|Win32
		{EA339F2D-BD30-4F23-AFDC-3A6081389910}.Debug|x64.ActiveCfg = Debug|x64
		{EA339F2D-BD30-4F23-AFDC-3A6081389910}.Debug|x64.Build.0 = Debug|x64
		{EA339F2D-BD30-4F23-AFDC-3A6081389910}.Debug|x86.ActiveCfg = Debug|Win32
		{EA339F2D-BD30-4F23-AFDC-3A6081389910}.Debug|x86.Build.0 = Debug|Win32
		{EA339F2D-BD30-4F23-AFDC-3A6081389910}.Release|x64.ActiveCfg = Release|x64
		{EA339F2D-BD30-4F23-AFDC-3A6081389910}.Release|x64.Build.0 = Release|x64
		{EA339F2D-BD30-4F23-AFDC-3A6081389910}.Release|x86.ActiveCfg = Release|Win32
		{EA339F2D-BD30-4F23-AFDC-3A6081389910}.Release|x86.Build.0 = Release|Win32
		{86623208-3EB8-441F-8BA1-DF6B4151996D}.Debug|x64.ActiveCfg = Debug|x64
		{86623208-3EB8-441F-8BA1-DF6B4151996D}.Debug|x64.Build.0 = Debug|x64
		{86623208-3EB8-441F-8BA1-DF6B4151996D}.Debug|x86.ActiveCfg = Debug|Win32
		{86623208-3EB8-441F-8BA1-DF6B4151996D}.Debug|x86.Build.0 = Debug|Win32
		{86623208-3EB8-441F-8BA1-DF6B4151996D}.Release|x64.ActiveCfg = Release|x64
		{86623208-3EB8-441F-8BA1-DF6B4151996D}.Release|x64.Build.0 = Release|x64
		{86623208-3EB8-441F-8BA1-DF6B4151996D}.Release|x86.ActiveCfg = Release|Win32
		{86623208-3EB8-441F-8BA1-DF6B4151996D}.Release|x86.Build.0 = Release|Win32
		{2B2DAD89-BE05-4F30-8040-1CE828C6F119}.Debug|x64.ActiveCfg = Debug|x64
		{2B2DAD89-BE05-4F30-8040-1CE828C6F119}.Debug|x64.Build.0 = Debug|x64
		{2B2DAD89-BE05-4F30-8040-1CE828C6F119}.Debug|x86.ActiveCfg = Debug|Win32
		{2B2DAD89-BE05-4F30-8040-1CE828C6F119}.Debug|x86.Build.0 = Debug|Win32
		{2B2DAD89-BE05-4F30-8040-1CE828C6F119}.Release|x64.ActiveCfg = Release|x64
		{2B2DAD89-BE05-4F30-8040-1CE828C6F119}.Release|x64.Build.0 = Release|x64
		{2B2DAD89-BE05-4F30-8040-1CE828C6F119}.Release|x86.ActiveCfg = Release|Win32
		{2B2DAD89-BE05-4F30-8040-1CE828C6F119}.Release|x86.Build.0 = Release|Win32
		{E0A23D3F-8046-4FE5-9933-79F64A13C872}.Debug|x64.ActiveCfg = Debug|x64
		{E0A23D3F-8046-4FE5-9933-79F64A13C872}.Debug|x64.Build.0 = Debug|x64
		{E0A23D3F-8046-4FE5-9933-79F64A13C872}.Debug|x86.ActiveCfg = Debug|Win32
		{E0A23D3F-8046-4FE5-9933-79F64A13C872}.Debug|x86.Build.0 = Debug|Win32
		{E0A23D3F-8046-4FE5-9933-79F64A13C872}.Release|x64.ActiveCfg = Release|x64
		{E0A23D3F-8046-4FE5-9933-79F64A13C872}.Release|x64.Build.0 = Release|x64
		{E0A23D3F-8046-4FE5-9933-79F64A13C872}.Release|x86.ActiveCfg = Release|Win32
		{E0A23D3F-8046-4FE5-9933-79F64A13C872}.Release|x86.Build.0 = Release|Win32
		{DB21F33A-64BA-4DFC-8FE3-40BED9CEC404}.Debug|x64.ActiveCfg = Debug|x64
		{DB21F33A-64BA-4DFC-8FE3-40BED9CEC404}.Debug|x64.Build.0 = Debug|x64
		{DB21F33A-64BA-4DFC-8FE3-40BED9CEC404}.Debug|x86.ActiveCfg = Debug|Win32
		{DB21F33A-64BA-4DFC-8FE3-40BED9CEC404}.Debug|x86.Build.0 = Debug|Win32
		{DB21F33A-64BA-4DFC-8FE3-40BED9CEC404}.Release|x64.ActiveCfg = Release|x64
		{DB21F33A-64BA-4DFC-8FE3-40BED9CEC404}.Release|x64.Build.0 = Release|x64
		{DB21F33A-64BA-4DFC-8FE3-40BED9CEC404}.Release|x86.ActiveCfg = Release|Win32
		{DB21F33A-64BA-4DFC-8FE3-40BED9CEC404}.Release|x86.Build.0 = Release|Win32
		{508A9128-5BAA-40B7-8F3B-1CECC79F8A69}.Debug|x64.ActiveCfg = Debug|x64
		{508A9128-5BAA-40B7-8F3B-1CECC79F8A69}.Debug|x64.Build.0 = Debug|x64
		{508A9128-5BAA-40B7-8F3B-1CECC79F8A69}.Debug|x86.ActiveCfg = Debug|Win32
		{508A9128-5BAA-40B7-8F3B-1CECC79F8A69}.Debug|x86.Build.0 = Debug|Win32
		{508A9128-5BAA-40B7-8F3B-1CECC79F8A69}.Release|x64.ActiveCfg = Release|x64
		{508A9128-5BAA-40B7-8F3B-1CECC79F8A69}.Release|x64.Build.0 = Release|x64
		{508A9128-5BAA-40B7-8F3B-1CECC79F8A69}.Release|x86.ActiveCfg = Release|Win32
		{508A9128-5BAA-40B7-8F3B-1CECC79F8A69}.Release|x86.Build.0 = Release|Win32
		{04E25019-DD49-4B5A-A081-8F2424F49790}.Debug|x64.ActiveCfg = Debug|x64
		{04E25019-DD49-4B5A-A081-8F2424F49790}.Debug|x64.Build.0 = Debug|x64
		{04E25019-DD49-4B5A-A081-8F2424F49790}.Debug|x86.ActiveCfg = Debug|Win32
		{04E25019-DD49-4B5A-A081-8F2424F49790}.Debug|x86.Build.0 = Debug|Win32
		{04E25019-DD49-4B5A-A081-8F2424F49790}.Release|x64.ActiveCfg = Release|x64
		{04E25019-DD49-4B5A-A081-8F2424F49790}.Release|x64.Build.0 = Release|x64
		{04E25019-DD49-4B5A-A081-8F2424F49790}.Release|x86.ActiveCfg = Release|Win32
		{04E25019-DD49-4B5A-A081-8F2424F49790}.Release|x86.Build.0 = Release|Win32
		{CD3C091E-4482-41C6-8FF0-F0C20D00E722}.Debug|x64.ActiveCfg = Debug|x64
		{CD3C091E-4482-41C6-8FF0-F0C20D00E722}.Debug|x64.Build.0 = Debug|x64
		{CD3C091E-4482-41C6-8FF0-F0C20D00E722}.Debug|x86.ActiveCfg = Debug|Win32
		{CD3C091E-4482-41C6-8FF0-F0C20D00E722}.Debug|x86.Build.0 = Debug|Win32
		{CD3C091E-4482-41C6-8FF0-F0C20D00E722}.Release|x64.ActiveCfg = Release|x64
		{CD3C091E-4482-41C6-8FF0-F0C20D00E722}.Release|x64.Build.0 = Release|x64
		{CD3C091E-4482-41C6-8FF0-F0C20D00E722}.Release|x86.ActiveCfg = Release|Win32
		{CD3C091E-4482-41C6-8FF0-F0C20D00E722}.Release|x86.Build.0 = Release|Win32
		{9AF8598A-FC82-4A94-8F4C-3C6096D0AC06}.Debug|x64.ActiveCfg = Debug|x64
		{9AF8598A-FC82-4A94-8F4C-3C6096D0AC06}.Debug|x64.Build.0 = Debug|x64
		{9AF8598A-FC82-4A94-8F4C-3C6096D0AC06}.Debug|x86.ActiveCfg = Debug|Win32
		{9AF8598A-FC82-4A94-8F4C-3C6096D0AC06}.Debug|x86.Build.0 = Debug|Win32
		{9AF8598A-FC82-4A94-8F4C-3C6096D0AC06}.Release|x64.ActiveCfg = Release|x64
		{9AF8598A-FC82-4A94-8F4C-3C6096D0AC06}.Release|x64.Build.0 = Release|x64
		{9AF8598A-FC82-4A94-8F4C-3C6096D0AC06}.Release|x86.ActiveCfg = Release|Win32
		{9AF8598A-FC82-4A94-8F4C-3C6096D0AC06}.Release|x86.Build.0 = Release|Win32
		{65A48A8E-5CE4-4243-B379-3C6C72CC8225}.Debug|x64.ActiveCfg = Debug|x64
		{65A48A8E-5CE4-4243-B379-3C6C72CC8225}.Debug|x64.Build.0 = Debug|x64
		{65A48A8E-5CE4-4243-B379-3C6C72CC8225}.Debug|x86.ActiveCfg = Debug|Win32
		{65A48A8E-5CE4-4243-B379-3C6C72CC8225}.Debug|x86.Build.0 = Debug|Win32
		{65A48A8E-5CE4-4243-B379-3C6C72CC8225}.Release|x64.ActiveCfg = Release|x64
		{65A48A8E-5CE4-4243-B379-3C6C72CC8225}.Release|x64.Build.0 = Release|x64
		{65A48A8E-5CE4-4243-B379-3C6C72CC8225}.Release|x86.ActiveCfg = Release|Win32
		{65A48A8E-5CE4-4243-B379-3C6C72CC8225}.Release|x86.Build.0 = Release|Win32
		{494ABDEA-7026-4F0B-8F75-9358EAE47A35}.Debug|x64.ActiveCfg = Debug|x64
		{494ABDEA-7026-4F0B-8F75-9358EAE47A35}.Debug|x64.Build.0 = Debug|x64
		{494ABDEA-7026-4F0B-8F75-9358EAE47A35}.Debug|x86.ActiveCfg = Debug|Win32
		{494ABDEA-7026-4F0B-8F75-9358EAE47A35}.Debug|x86.Build.0 = Debug|Win32
		{494ABDEA-7026-4F0B-8F75-9358EAE47A35}.Release|x64.ActiveCfg = Release|x64
		{494ABDEA-7026-4F0B-8F75-9358EAE47A35}.Release|x64.Build.0 = Release|x64
		{494ABDEA-7026-4F0B-8F75-9358EAE47A35}.Release|x86.ActiveCfg = Release|Win32
		{494ABDEA-7026-4F0B-8F75-9358EAE47A35}.Release|x86.Build.0 = Release|Win32
		{56A978D6-6EE4-442F-9BFE-709B03E3FCEE}.Debug|x64.ActiveCfg = Debug|x64
		{56A978D6-6EE4-442F-9BFE-709B03E3FCEE}.Debug|x64.Build.0 = Debug|x64
		{56A978D6-6EE4-442F-9BFE-709B03E3FCEE}.Debug|x86.ActiveCfg = Debug|Win32
		{56A978D6-6EE4-442F-9BFE-709B03E3FCEE}.Debug|x86.Build.0 = Debug|Win32
		{56A978D6-6EE4-442F-9BFE-709B03E3FCEE}.Release|x64.ActiveCfg = Release|x64
		{56A978D6-6EE4-442F-9BFE-709B03E3FCEE}.Release|x64.Build.0 = Release|x64
		{56A978D6-6EE4-442F-9BFE-709B03E3FCEE}.Release|x86.ActiveCfg = Release|Win32
		{56A978D6-6EE4-442F-9BFE-709B03E3FCEE}.Release|x86.Build.0 = Release|Win32
		{818A0A17-6693-4140-8C5C-CD2D49A2BED5}.Debug|x64.ActiveCfg = Debug|x64
		{818A0A17-6693-4140-8C5C-CD2D49A2BED5}.Debug|x64.Build.0 = Debug|x64
		{818A0A17-6693-4140-8C5C-CD2D49A2BED5}.Debug|x86.ActiveCfg = Debug|Win32
		{818A0A17-6693-4140-8C5C-CD2D49A2BED5}.Debug|x86.Build.0 = Debug|Win32
		{818A0A17-6693-4140-8C5C-CD2D49A2BED5}.Release|x64.ActiveCfg = Release|x64
		{818A0A17-6693-4140-8C5C-CD2D49A2BED5}.Release|x64.Build.0 = Release|x64
		{818A0A17-6693-4140-8C5C-CD2D49A2BED5}.Release|x86.ActiveCfg = Release|Win32
		{818A0A17-6693-4140-8C5C-CD2D49A2BED5}.Release|x86.Build.0 = Release|Win32
		{C777B337-94DF-4A41-A0A0-09DC62065F93}.Debug|x64.ActiveCfg = Debug|x64
		{C777B337-94DF-4A41-A0A0-09DC62065F93}.Debug|x64.Build.0 = Debug|x64
		{C777B337-94DF-4A41-A0A0-09DC62065F93}.Debug|x86.ActiveCfg = Debug|Win32
		{C777B337-94DF-4A41-A0A0-09DC62065F93}.Debug|x86.Build.0 = Debug|Win32
		{C777B337-94DF-4A41-A0A0-09DC62065F93}.Release|x64.ActiveCfg = Release|x64
		{C777B337-94DF-4A41-A0A0-09DC62065F93}.Release|x64.Build.0 = Release|x64
		{C777B337-94DF-4A41-A0A0-09DC62065F93}.Release|x86.ActiveCfg = Release|Win32
		{C777B337-94DF-4A41-A0A0-09DC62065F93}.Release|x86.Build.0 = Release|Win32
		{3094A235-F685-4CF3-A792-8C88DA855012}.Debug|x64.ActiveCfg = Debug|x64
		{3094A235-F685-4CF3-A792-8C88DA855012}.Debug|x64.Build.0 = Debug|x64
		{3094A235-F685-4CF3-A792-8C88DA855012}.Debug|x86.ActiveCfg = Debug|Win32
		{3094A235-F685-4CF3-A792-8C88DA855012}.Debug|x86.Build.0 = Debug|Win32
		{3094A235-F685-4CF3-A792-8C88DA855012}.Release|x64.ActiveCfg = Release|x64
		{3094A235-F685-4CF3-A792-8C88DA855012}.Release|x64.Build.0 = Release|x64
		{3094A235-F685-4CF3-A792-8C88DA855012}.Release|x86.ActiveCfg = Release|Win32
		{3094A235-F685-4CF3-A792-8C88DA855012}.Release|x86.Build.0 = Release|Win32
		{AA951171-6237-4195-B190-845C6FDCE13F}.Debug|x64.ActiveCfg = Debug|x64
		{AA951171-6237-4195-B190-845C6FDCE13F}.Debug|x64.Build.0 = Debug|x64
		{AA951171-6237-4195-B190-845C6FDCE13F}.Debug|x86.ActiveCfg = Debug|Win32
		{AA951171-6237-4195-B190-845C6FDCE13F}.Debug|x86.Build.0 = Debug|Win32
		{AA951171-6237-4195-B190-845C6FDCE13F}.Release|x64.ActiveCfg = Release|x64
		{AA951171-6237-4195-B190-845C6FDCE13F}.Release|x64.Build.0 = Release|x64
		{AA951171-6237-4195-B190-845C6FDCE13F}.Release|x86.ActiveCfg = Release|Win32
		{AA951171-6237-4195-B190-845C6FDCE13F}.Release|x86.Build.0 = Release|Win32
		{A7505DAD-9D77-4A4E-ACB9-CC88AE1468C4}.Debug|x64.ActiveCfg = Debug|x64
		{A7505DAD-9D77-4A4E-ACB9-CC88AE1468C4}.Debug|x64.Build.0 = Debug|x64
		{A7505DAD-9D77-4A4E-ACB9-CC88AE1468C4}.Debug|x86.ActiveCfg = Debug|Win32
		{A7505DAD-9D77-4A4E-ACB9-CC88AE1468C4}.Debug|x86.Build.0 = Debug|Win32
		{A7505DAD-9D77-4A4E-ACB9-CC88AE1468C4}.Release|x64.ActiveCfg = Release|x64
		{A7505DAD-9D77-4A4E-ACB9-CC88AE1468C4}.Release|x64.Build.0 = Release|x64
		{A7505DAD-9D77-4A4E-ACB9-CC88AE1468C4}.Release|x86.ActiveCfg = Release|Win32
		{A7505DAD-9D77-4A4E-ACB9-CC88AE1468C4}.Release|x86.Build.0 = Release|Win32
		{F55EEDA6-60A1-4CF6-BF05-CFBA17AA3F09}.Debug|x64.ActiveCfg = Debug|x64
		{F55EEDA6-60A1-4CF6-BF05-CFBA17AA3F09}.Debug|x64.Build.0 = Debug|x64
		{F55EEDA6-60A1-4CF6-BF05-CFBA17AA3F09}.Debug|x86.ActiveCfg = Debug|Win32
		{F55EEDA6-60A1-4CF6-BF05-CFBA17AA3F09}.Debug|x86.Build.0 = Debug|Win32
		{F55EEDA6-60A1-4CF6-BF05-CFBA17AA3F09}.Release|x64.ActiveCfg = Release|x64
		{F55EEDA6-60A1-4CF6-BF05-CFBA17AA3F09}.Release|x64.Build.0 = Release|x64
		{F55EEDA6-60A1-4CF6-BF05-CFBA17AA3F09}.Release|x86.ActiveCfg = Release|Win32
		{F55EEDA6-60A1-4CF6-BF05-CFBA17AA3F09}.Release|x86.Build.0 = Release|Win32
		{AA03C311-5456-464E-89D3-C18010D5DA82}.Debug|x64.ActiveCfg = Debug|x64
		{AA03C311-5456-464E-89D3-C18010D5DA82}.Debug|x64.Build.0 = Debug|x64
		{AA03C311-5456-464E-89D3-C18010D5DA82}.Debug|x86.ActiveCfg = Debug|Win32
		{AA03C311-5456-464E-89D3-C18010D5DA82}.Debug|x86.Build.0 = Debug|Win32
		{AA03C311-5456-464E-89D3-C18010D5DA82}.Release|x64.ActiveCfg = Release|x64
		{AA03C311-5456-464E-89D3-C18010D5DA82}.Release|x64.Build.0 = Release|x64
		{AA03C311-5456-464E-89D3-C18010D5DA82}.Release|x86.ActiveCfg = Release|Win32
		{AA03C311-5456-464E-89D3-C18010D5DA82}.Release|x86.Build.0 = Release|Win32
		{8027FE19-B862-4224-87E5-33C0685B4380}.Debug|x64.ActiveCfg = Debug|x64
		{8027FE19-B862-4224-87E5-33C0685B4380}.Debug|x64.Build.0 = Debug|x64
		{8027FE19-B862-4224-87E5-33C0685B4380}.Debug|x86.ActiveCfg = Debug|Win32
		{8027FE19-B862-4224-87E5-33C0685B4380}.Debug|x86.Build.0 = Debug|Win32
		{8027FE19-B862-4224-87E5-33C0685B4380}.Release|x64.ActiveCfg = Release|x64
		{8027FE19-B862-4224-87E5-33C0685B4380}.Release|x64.Build.0 = Release|x64
		{8027FE19-B862-4224-87E5-33C0685B4380}.Release|x86.ActiveCfg = Release|Win32
		{8027FE19-B862-4224-87E5-33C0685B4380}.Release|x86.Build.0 = Release|Win32
		{B951BEB5-AF74-475C-9698-217145F45CBB}.Debug|x64.ActiveCfg = Debug|x64
		{B951BEB5-AF74-475C-9698-217145F45CBB}.Debug|x64.Build.0 = Debug|x64
		{B951BEB5-AF74-475C-9698-217145F45CBB}.Debug|x86.ActiveCfg = Debug|Win32
		{B951BEB5-AF74-475C-9698-217145F45CBB}.Debug|x86.Build.0 = Debug|Win32
		{B951BEB5-AF74-475C-9698-217145F45CBB}.Release|x64.ActiveCfg = Release|x64
		{B951BEB5-AF74-475C-9698-217145F45CBB}.Release|x64.Build.0 = Release|x64
		{B951BEB5-AF74-475C-9698-217145F45CBB}.Release|x86.ActiveCfg = Release|Win32
		{B951BEB5-AF74-475C-9698-217145F45CBB}.Release|x86.Build.0 = Release|Win32
		{5822647D-3F52-4B6E-AFDD-580E38F6F0A1}.Debug|x64.ActiveCfg = Debug|x64
		{5822647D-3F52-4B6E-AFDD-580E38F6F0A1}.Debug|x64.Build.0 = Debug|x64
		{5822647D-3F52-4B6E-AFDD-580E38F6F0A1}.Debug|x86.ActiveCfg = Debug|Win32
		{5822647D-3F52-4B6E-AFDD-580E38F6F0A1}.Debug|x86.Build.0 = Debug|Win32
		{5822647D-3F52-4B6E-AFDD-580E38F6F0A1}.Release|x64.ActiveCfg = Release|x64
		{5822647D-3F52-4B6E-AFDD-580E38F6F0A1}.Release|x64.Build.0 = Release|x64
		{5822647D-3F52-4B6E-AFDD-580E38F6F0A1}.Release|x86.ActiveCfg = Release|Win32
		{5822647D-3F52-4B6E-AFDD-580E38F6F0A1}.Release|x86.Build.0 = Release|Win32
		{35F8B5D8-F737-4EA5-92EC-5BAD0E397A09}.Debug|x64.ActiveCfg = Debug|x64
		{35F8B5D8-F737-4EA5-92EC-5BAD0E397A09}.Debug|x64.Build.0 = Debug|x64
		{35F8B5D8-F737-4EA5-92EC-5BAD0E397A09}.Debug|x86.ActiveCfg = Debug|Win32
		{35F8B5D8-F737-4EA5-92EC-5BAD0E397A09}.Debug|x86.Build.0 = Debug|Win32
		{35F8B5D8-F737-4EA5-92EC-5BAD0E397A09}.Release|x64.ActiveCfg = Release|x64
		{35F8B5D8-F737-4EA5-92EC-5BAD0E397A09}.Release|x64.Build.0 = Release|x64
		{35F8B5D8-F737-4EA5-92EC-5BAD0E397A09}.Release|x86.ActiveCfg = Release|Win32
		{35F8B5D8-F737-4EA5-92EC-5BAD0E397A09}.Release|x86.Build.0 = Release|Win32
		{C736B984-6AB2-42CA-9E06-31F3815F02C0}.Debug|x64.ActiveCfg = Debug|x64
		{C736B984-6AB2-42CA-9E06-31F3815F02C0}.Debug|x64.Build.0 = Debug|x64
		{C736B984-6AB2-42CA-9E06-31F3815F02C0}.Debug|x86.ActiveCfg = Debug|Win32
		{C736B984-6AB2-42CA-9E06-31F3815F02C0}.Debug|x86.Build.0 = Debug|Win32
		{C736B984-6AB2-42CA-9E06-31F3815F02C0}.Release|x64.ActiveCfg = Release|x64
		{C736B984-6AB2-42CA-9E06-31F3815F02C0}.Release|x64.Build.0 = Release|x64
		{C736B984-6AB2-42CA-9E06-31F3815F02C0}.Release|x86.ActiveCfg = Release|Win32
		{C736B984-6AB2-42CA-9E06-31F3815F02C0}.Release|x86.Build.0 = Release|Win32
		{84195805-F1A2-4BB4-9464-2525FA40075D}.Debug|x64.ActiveCfg = Debug|x64
		{84195805-F1A2-4BB4-9464-2525FA40075D}.Debug|x64.Build.0 = Debug|x64
		{84195805-F1A2-4BB4-9464-2525FA40075D}.Debug|x86.ActiveCfg = Debug|Win32
		{84195805-F1A2-4BB4-9464-2525FA40075D}.Debug|x86.Build.0 = Debug|Win32
		{84195805-F1A2-4BB4-9464-2525FA40075D}.Release|x64.ActiveCfg = Release|x64
		{84195805-F1A2-4BB4-9464-2525FA40075D}.Release|x64.Build.0 = Release|x64
		{84195805-F1A2-4BB4-9464-2525FA40075D}.Release|x86.ActiveCfg = Release|Win32
		{84195805-F1A2-4BB4-9464-2525FA40075D}.Release|x86.Build.0 = Release|Win32
		{7722BCF8-2B12-4C6E-B106-3333F0995652}.Debug|x64.ActiveCfg = Debug|x64
		{7722BCF8-2B12-4C6E-B106-3333F0995652}.Debug|x64.Build.0 = Debug|x64
		{7722BCF8-2B12-4C6E-B106-3333F0995652}.Debug|x86.ActiveCfg = Debug|Win32
		{7722BCF8-2B12-4C6E-B106-3333F0995652}.Debug|x86.Build.0 = Debug|Win32
		{7722BCF8-2B12-4C6E-B106-3333F0995652}.Release|x64.ActiveCfg = Release|x64
		{7722BCF8-2B12-4C6E-B106-3333F0995652}.Release|x64.Build.0 = Release|x64
		{7722BCF8-2B12-4C6E-B106-3333F0995652}.Release|x86.ActiveCfg = Release|Win32
		{7722BCF8-2B12-4C6E-B106-3333F0995652}.Release|x86.Build.0 = Release|Win32
		{04527CC9-79FB-457F-9FB7-D34D995484B5}.Debug|x64.ActiveCfg = Debug|x64
		{04527CC9-79FB-457F-9FB7-D34D995484B5}.Debug|x64.Build.0 = Debug|x64
		{04527CC9-79FB-457F-9FB7-D34D995484B5}.Debug|x86.ActiveCfg = Debug|Win32
		{04527CC9-79FB-457F-9FB7-D34D995484B5}.Debug|x86.Build.0 = Debug|Win32
		{04527CC9-79FB-457F-9FB7-D34D995484B5}.Release|x64.ActiveCfg = Release|x64
		{04527CC9-79FB-457F-9FB7-D34D995484B5}.Release|x64.Build.0 = Release|x64
		{04527CC9-79FB-457F-9FB7-D34D995484B5}.Release|x86.ActiveCfg = Release|Win32
		{04527CC9-79FB-457F-9FB7-D34D995484B5}.Release|x86.Build.0 = Release|Win32
		{B331E48F-301E-4429-9B2A-EA4AD501B1F6}.Debug|x64.ActiveCfg = Debug|x64
		{B331E48F-301E-4429-9B2A-EA4AD501B1F6}.Debug|x64.Build.0 = Debug|x64
		{B331E48F-301E-4429-9B2A-EA4AD501B1F6}.Debug|x86.ActiveCfg = Debug|Win32
		{B331E48F-301E-4429-9B2A-EA4AD501B1F6}.Debug|x86.Build.0 = Debug|Win32
		{B331E48F-301E-4429-9B2A-EA4AD501B1F6}.Release|x64.ActiveCfg = Release|x64
		{B331E48F-301E-4429-9B2A-EA4AD501B1F6}.Release|x64.Build.0 = Release|x64
		{B331E48F-301E-4429-9B2A-EA4AD501B1F6}.Release|x86.ActiveCfg = Release|Win32
		{B331E48F-301E-4429-9B2A-EA4AD501B1F6}.Release|x86.Build.0 = Release|Win32
		{4AD55611-D586-4F8B-B064-3082151FC375}.Debug|x64.ActiveCfg = Debug|x64
		{4AD55611-D586-4F8B-B064-3082151FC375}.Debug|x64.Build.0 = Debug|x64
		{4AD55611-D586-4F8B-B064-3082151FC375}.Debug|x86.ActiveCfg = Debug|Win32
		{4AD55611-D586-4F8B-B064-3082151FC375}.Debug|x86.Build.0 = Debug|Win32
		{4AD55611-D586-4F8B-B064-3082151FC375}.Release|x64.ActiveCfg = Release|x64
		{4AD55611-D586-4F8B-B064-3082151FC375}.Release|x64.Build.0 = Release|x64
		{4AD55611-D586-4F8B-B064-3082151FC375}.Release|x86.ActiveCfg = Release|Win32
		{4AD55611-D586-4F8B-B064-3082151FC375}.Release|x86.Build.0 = Release|Win32
		{132987A9-3962-4836-AA79-611542090B41}.Debug|x64.ActiveCfg = Debug|x64
		{132987A9-3962-4836-AA79-611542090B41}.Debug|x64.Build.0 = Debug|x64
		{132987A9-3962-4836-AA79-611542090B41}.Debug|x86.ActiveCfg = Debug|Win32
		{132987A9-3962-4836-AA79-611542090B41}.Debug|x86.Build.0 = Debug|Win32
		{132987A9-3962-4836-AA79-611542090B41}.Release|x64.ActiveCfg = Release|x64
		{132987A9-3962-4836-AA79-611542090B41}.Release|x64.Build.0 = Release|x64
		{132987A9-3962-4836-AA79-611542090B41}.Release|x86.ActiveCfg = Release|Win32
		{132987A9-3962-4836-AA79-611542090B41}.Release|x86.Build.0 = Release|Win32
		{D91D6446-C993-4A5F-848D-0852844F16FD}.Debug|x64.ActiveCfg = Debug|x64
		{D91D6446-C993-4A5F-848D-0852844F16FD}.Debug|x64.Build.0 = Debug|x64
		{D91D6446-C993-4A5F-848D-0852844F16FD}.Debug|x86.ActiveCfg = Debug|Win32
		{D91D6446-C993-4A5F-848D-0852844F16FD}.Debug|x86.Build.0 = Debug|Win32
		{D91D6446-C993-4A5F-848D-0852844F16FD}.Release|x64.ActiveCfg = Release|x64
		{D91D6446-C993-4A5F-848D-0852844F16FD}.Release|x64.Build.0 = Release|x64
		{D91D6446-C993-4A5F-848D-0852844F16FD}.Release|x86.ActiveCfg = Release|Win32
		{D91D6446-C993-4A5F-848D-0852844F16FD}.Release|x86.Build.0 = Release|Win32
		{1D18F443-9528-4CAC-B64E-3BCEC55ED5BB}.Debug|x64.ActiveCfg = Debug|x64
		{1D18F443-9528-4CAC-B64E-3BCEC55ED5BB}.Debug|x64.Build.0 = Debug|x64
		{1D18F443-9528-4CAC-B64E-3BCEC55ED5BB}.Debug|x86.ActiveCfg = Debug|Win32
		{1D18F443-9528-4CAC-B64E-3BCEC55ED5BB}.Debug|x86.Build.0 = Debug|Win32
		{1D18F443-9528-4CAC-B64E-3BCEC55ED5BB}.Release|x64.ActiveCfg = Release|x64
		{1D18F443-9528-4CAC-B64E-3BCEC55ED5BB}.Release|x64.Build.0 = Release|x64
		{1D18F443-9528-4CAC-B64E-3BCEC55ED5BB}.Release|x86.ActiveCfg = Release|Win32
		{1D18F443-9528-4CAC-B64E-3BCEC55ED5BB}.Release|x86.Build.0 = Release|Win32
		{E1AC2F17-4A10-40BC-A9DE-E40CAFFA8E20}.Debug|x64.ActiveCfg = Debug|x64
		{E1AC2F17-4A10-40BC-A9DE-E40CAFFA8E20}.Debug|x64.Build.0 = Debug|x64
		{E1AC2F17-4A10-40BC-A9DE-E40CAFFA8E20}.Debug|x86.ActiveCfg = Debug|Win32
		{E1AC2F17-4A10-40BC-A9DE-E40CAFFA8E20}.Debug|x86.Build.0 = Debug|Win32
		{E1AC2F17-4A10-40BC-A9DE-E40CAFFA8E20}.Release|x64.ActiveCfg = Release|x64
		{E1AC2F17-4A10-40BC-A9DE-E40CAFFA8E20}.Release|x64.Build.0 = Release|x64
		{E1AC2F17-4A10-40BC-A9DE-E40CAFFA8E20}.Release|x86.ActiveCfg = Release|Win32
		{E1AC2F17-4A10-40BC-A9DE-E40CAFFA8E20}.Release|x86.Build.0 = Release|Win32
		{E3A55D8A-8CAE-44E5-9925-3D7AA13320D1}.Debug|x64.ActiveCfg = Debug|x64
		{E3A55D8A-8CAE-44E5-9925-3D7AA13320D1}.Debug|x64.Build.0 = Debug|x64
		{E3A55D8A-8CAE-44E5-9925-3D7AA13320D1}.Debug|x86.ActiveCfg = Debug|Win32
		{E3A55D8A-8CAE-44E5-9925-3D7AA13320D1}.Debug|x86.Build.0 = Debug|Win32
		{E3A55D8A-8CAE-44E5-9925-3D7AA13320D1}.Release|x64.ActiveCfg = Release|x64
		{E3A55D8A-8CAE-44E5-9925-3D7AA13320D1}.Release|x64.Build.0 = Release|x64
		{E3A55D8A-8CAE-44E5-9925-3D7AA13320D1}.Release|x86.ActiveCfg = Release|Win32
		{E3A55D8A-8CAE-44E5-9925-3D7AA13320D1}.Release|x86.Build.0 = Release|Win32
		{0102E33F-C447-4681-9955-37B488423AE5}.Debug|x64.ActiveCfg = Debug|x64
		{0102E33F-C447-4681-9955-37B488423AE5}.Debug|x64.Build.0 = Debug|x64
		{0102E33F-C447-4681-9955-37B488423AE5}.Debug|x86.ActiveCfg = Debug|Win32
		{0102E33F-C447-4681-9955-37B488423AE5}.Debug|x86.Build.0 = Debug|Win32
		{0102E33F-C447-4681-9955-37B488423AE5}.Release|x64.ActiveCfg = Release|x64
		{0102E33F-C447-4681-9955-37B488423AE5}.Release|x64.Build.0 = Release|x64
		{0102E33F-C447-4681-9955-37B488423AE5}.Release|x86.ActiveCfg = Release|Win32
		{0102E33F-C447-4681-9955-37B488423AE5}.Release|x86.Build.0 = Release|Win32
		{ED92E231-B6AE-4898-847C-3992AF0E540C}.Debug|x64.ActiveCfg = Debug|x64
		{ED92E231-B6AE-4898-847C-3992AF0E540C}.Debug|x64.Build.0 = Debug|x64
		{ED92E231-B6AE-4898-847C-3992AF0E540C}.Debug|x86.ActiveCfg = Debug|Win32
		{ED92E231-B6AE-4898-847C-3992AF0E540C}.Debug|x86.Build.0 = Debug|Win32
		{ED92E231-B6AE-4898-847C-3992AF0E540C}.Release|x64.ActiveCfg = Release|x64
		{ED92E231-B6AE-4898-847C-3992AF0E540C}.Release|x64.Build.0 = Release|x64
		{ED92E231-B6AE-4898-847C-3992AF0E540C}.Release|x86.ActiveCfg = Release|Win32
		{ED92E231-B6AE-4898-847C-3992AF0E540C}.Release|x86.Build.0 = Release|Win32
		{A218714E-F24C-44B4-9D41-54628B58A5B7}.Debug|x64.ActiveCfg = Debug|x64
		{A218714E-F24C-44B4-9D41-54628B58A5B7}.Debug|x64.Build.0 = Debug|x64
		{A218714E-F24C-44B4-9D41-54628B58A5B7}.Debug|x86.ActiveCfg = Debug|Win32
		{A218714E-F24C-44B4-9D41-54628B58A5B7}.Debug|x86.Build.0 = Debug|Win32
		{A218714E-F24C-44B4-9D41-54628B58A5B7}.Release|x64.ActiveCfg = Release|x64
		{A218714E-F24C-44B4-9D41-54628B58A5B7}.Release|x64.Build.0 = Release|x64
		{A218714E-F24C-44B4-9D41-54628B58A5B7}.Release|x86.ActiveCfg = Release|Win32
		{A218714E-F24C-44B4-9D41-54628B58A5B7}.Release|x86.Build.0 = Release|Win32
		{1B14E3A9-228F-4B17-8AF4-534D9903D7F7}.Debug|x64.ActiveCfg = Debug|x64
		{1B14E3A9-228F-4B17-8AF4-534D9903D7F7}.Debug|x64.Build.0 = Debug|x64
		{1B14E3A9-228F-4B17-8AF4-534D9903D7F7}.Debug|x86.ActiveCfg = Debug|Win32
		{1B14E3A9-228F-4B17-8AF4-534D9903D7F7}.Debug|x86.Build.0 = Debug|Win32
		{1B14E3A9-228F-4B17-8AF4-534D9903D7F7}.Release|x64.ActiveCfg = Release|x64
		{1B14E3A9-228F-4B17-8AF4-534D9903D7F7}.Release|x64.Build.0 = Release|x64
		{1B14E3A9-228F-4B17-8AF4-534D9903D7F7}.Release|x86.ActiveCfg = Release|Win32
		{1B14E3A9-228F-4B17-8AF4-534D9903D7F7}.Release|x86.Build.0 = Release|Win32
		{4534377B-2AC6-4E30-9B46-85C75034F41D}.Debug|x64.ActiveCfg = Debug|x64
		{4534377B-2AC6-4E30-9B46-85C75034F41D}.Debug|x64.Build.0 = Debug|x64
		{4534377B-2AC6-4E30-9B46-85C75034F41D}.Debug|x86.ActiveCfg = Debug|Win32
		{4534377B-2AC6-4E30-9B46-85C75034F41D}.Debug|x86.Build.0 = Debug|Win32
		{4534377B-2AC6-4E30-9B46-85C75034F41D}.Release|x64.ActiveCfg = Release|x64
		{4534377B-2AC6-4E30-9B46-85C75034F41D}.Release|x64.Build.0 = Release|x64
		{4534377B-2AC6-4E30-9B46-85C75034F41D}.Release|x86.ActiveCfg = Release|Win32
		{4534377B-2AC6-4E30-9B46-85C75034F41D}.Release|x86.Build.0 = Release|Win32
		{61E3E3C5-DBD2-43D6-B719-D1A5640511C1}.Debug|x64.ActiveCfg = Debug|x64
		{61E3E3C5-DBD2-43D6-B719-D1A5640511C1}.Debug|x64.Build.0 = Debug|x64
		{61E3E3C5-DBD2-43D6-B719-D1A5640511C1}.Debug|x86.ActiveCfg = Debug|Win32
		{61E3E3C5-DBD2-43D6-B719-D1A5640511C1}.Debug|x86.Build.0 = Debug|Win32
		{61E3E3C5-DBD2-43D6-B719-D1A5640511C1}.Release|x64.ActiveCfg = Release|x64
		{61E3E3C5-DBD2-43D6-B719-D1A5640511C1}.Release|x64.Build.0 = Release|x64
		{61E3E3C5-DBD2-43D6-B719-D1A5640511C1}.Release|x86.ActiveCfg = Release|Win32
		{61E3E3C5-DBD2-43D6-B719-D1A5640511C1}.Release|x86.Build.0 = Release|Win32
		{8744C4B0-2987-4311-A5FB-6B40174CA16B}.Debug|x64.ActiveCfg = Debug|x64
		{8744C4B0-2987-4311-A5FB-6B40174CA16B}.Debug|x64.Build.0 = Debug|x64
		{8744C4B0-2987-4311-A5FB-6B40174CA16B}.Debug|x86.ActiveCfg = Debug|Win32
		{8744C4B0-2987-4311-A5FB-6B40174CA16B}.Debug|x86.Build.0 = Debug|Win32
		{8744C4B0-2987-4311-A5FB-6B40174CA16B}.Release|x64.ActiveCfg = Release|x64
		{8744C4B0-2987-4311-A5FB-6B40174CA16B}.Release|x64.Build.0 = Release|x64
		{8744C4B0-2987-4311-A5FB-6B40174CA16B}.Release|x86.ActiveCfg = Release|Win32
		{8744C4B0-2987-4311-A5FB-6B40174CA16B}.Release|x86.Build.0 = Release|Win32
		{F008B504-C973-411E-BB62-36D0F0A5A638}.Debug|x64.ActiveCfg = Debug|x64
		{F008B504-C973-411E-BB62-36D0F0A5A638}.Debug|x64.Build.0 = Debug|x64
		{F008B504-C973-411E-BB62-36D0F0A5A638}.Debug|x86.ActiveCfg = Debug|Win32
		{F008B504-C973-411E-BB62-36D0F0A5A638}.Debug|x86.Build.0 = Debug|Win32
		{F008B504-C973-411E-BB62-36D0F0A5A638}.Release|x64.ActiveCfg = Release|x64
		{F008B504-C973-411E-BB62-36D0F0A5A638}.Release|x64.Build.0 = Release|x64
		{F008B504-C973-411E-BB62-36D0F0A5A638}.Release|x86.ActiveCfg = Release|Win32
		{F008B504-C973-411E-BB62-36D0F0A5A638}.Release|x86.Build.0 = Release|Win32
		{5B23DFBC-7260-425C-87C1-54A132082C18}.Debug|x64.ActiveCfg = Debug|x64
		{5B23DFBC-7260-425C-87C1-54A132082C18}.Debug|x64.Build.0 = Debug|x64
		{5B23DFBC-7260-425C-87C1-54A132082C18}.Debug|x86.ActiveCfg = Debug|Win32
		{5B23DFBC-7260-425C-87C1-54A132082C18}.Debug|x86.Build.0 = Debug|Win32
		{5B23DFBC-7260-425C-87C1-54A132082C18}.Release|x64.ActiveCfg = Release|x64
		{5B23DFBC-7260-425C-87C1-54A132082C18}.Release|x64.Build.0 = Release|x64
		{5B23DFBC-7260-425C-87C1-54A132082C18}.Release|x86.ActiveCfg = Release|Win32
		{5B23DFBC-7260-425C-87C1-54A132082C18}.Release|x86.Build.0 = Release|Win32
		{5367F4ED-EA9A-49CE-B9BC-7E307147DC16}.Debug|x64.ActiveCfg = Debug|x64
		{5367F4ED-EA9A-49CE-B9BC-7E307147DC16}.Debug|x64.Build.0 = Debug|x64
		{5367F4ED-EA9A-49CE-B9BC-7E307147DC16}.Debug|x86.ActiveCfg = Debug|Win32
		{5367F4ED-EA9A-49CE-B9BC-7E307147DC16}.Debug|x86.Build.0 = Debug|Win32
		{5367F4ED-EA9A-49CE-B9BC-7E307147DC16}.Release|x64.ActiveCfg = Release|x64
		{5367F4ED-EA9A-49CE-B9BC-7E307147DC16}.Release|x64.Build.0 = Release|x64
		{5367F4ED-EA9A-49CE-B9BC-7E307147DC16}.Release|x86.ActiveCfg = Release|Win32
		{5367F4ED-EA9A-49CE-B9BC-7E307147DC16}.Release|x86.Build.0 = Release|Win32
	EndGlobalSection
	GlobalSection(SolutionProperties) = preSolution
		HideSolutionNode = FALSE
	EndGlobalSection
	GlobalSection(ExtensibilityGlobals) = postSolution
		SolutionGuid = {30A1CBF1-5F14-4CC2-8278-7E7729390A32}
	EndGlobalSection
EndGlobal
